// !$*UTF8*$!
{
	archiveVersion = 1;
	classes = {
	};
	objectVersion = 56;
	objects = {

/* Begin PBXBuildFile section */
		10350ED05C5A77DF65454FD7 /* Pods_E_Store_E_StoreUITests.framework in Frameworks */ = {isa = PBXBuildFile; fileRef = 38DAEE079233EAF05FA45851 /* Pods_E_Store_E_StoreUITests.framework */; };
		6D3317EF115CC6367FE3E7FA /* Pods_E_StoreTests.framework in Frameworks */ = {isa = PBXBuildFile; fileRef = 6F0309471D407D8AD607EEF9 /* Pods_E_StoreTests.framework */; };
		910467F12AD132E800107712 /* AppDelegate.swift in Sources */ = {isa = PBXBuildFile; fileRef = 910467F02AD132E800107712 /* AppDelegate.swift */; };
		910467F32AD132E800107712 /* SceneDelegate.swift in Sources */ = {isa = PBXBuildFile; fileRef = 910467F22AD132E800107712 /* SceneDelegate.swift */; };
		910467FA2AD132E900107712 /* Assets.xcassets in Resources */ = {isa = PBXBuildFile; fileRef = 910467F92AD132E900107712 /* Assets.xcassets */; };
		910467FD2AD132E900107712 /* LaunchScreen.storyboard in Resources */ = {isa = PBXBuildFile; fileRef = 910467FB2AD132E900107712 /* LaunchScreen.storyboard */; };
		910468082AD132E900107712 /* E_StoreTests.swift in Sources */ = {isa = PBXBuildFile; fileRef = 910468072AD132E900107712 /* E_StoreTests.swift */; };
		910468122AD132E900107712 /* E_StoreUITests.swift in Sources */ = {isa = PBXBuildFile; fileRef = 910468112AD132E900107712 /* E_StoreUITests.swift */; };
		910468142AD132E900107712 /* E_StoreUITestsLaunchTests.swift in Sources */ = {isa = PBXBuildFile; fileRef = 910468132AD132E900107712 /* E_StoreUITestsLaunchTests.swift */; };
		910468262AD137BF00107712 /* Login.storyboard in Resources */ = {isa = PBXBuildFile; fileRef = 910468252AD137BF00107712 /* Login.storyboard */; };
		9104682A2AD1389600107712 /* LoginViewController.swift in Sources */ = {isa = PBXBuildFile; fileRef = 910468292AD1389600107712 /* LoginViewController.swift */; };
		910A6ECF2B08CC100074446E /* ProductDetailViewController.swift in Sources */ = {isa = PBXBuildFile; fileRef = 910A6ECE2B08CC100074446E /* ProductDetailViewController.swift */; };
		910A6ED12B08CC940074446E /* ProductDetailInteractor.swift in Sources */ = {isa = PBXBuildFile; fileRef = 910A6ED02B08CC940074446E /* ProductDetailInteractor.swift */; };
		910A6ED32B08CCB70074446E /* ProductDetailPresenter.swift in Sources */ = {isa = PBXBuildFile; fileRef = 910A6ED22B08CCB70074446E /* ProductDetailPresenter.swift */; };
		910A6ED52B08CCD60074446E /* ProductDetailRouter.swift in Sources */ = {isa = PBXBuildFile; fileRef = 910A6ED42B08CCD60074446E /* ProductDetailRouter.swift */; };
		910A6ED72B08CF020074446E /* LoginPresenter.swift in Sources */ = {isa = PBXBuildFile; fileRef = 910A6ED62B08CF020074446E /* LoginPresenter.swift */; };
		910A6ED92B08CF0F0074446E /* LoginInteractor.swift in Sources */ = {isa = PBXBuildFile; fileRef = 910A6ED82B08CF0F0074446E /* LoginInteractor.swift */; };
		910A6EDB2B08CF1D0074446E /* LoginRouter.swift in Sources */ = {isa = PBXBuildFile; fileRef = 910A6EDA2B08CF1D0074446E /* LoginRouter.swift */; };
		91106D592B346A7E003E62BD /* MainInteractor.swift in Sources */ = {isa = PBXBuildFile; fileRef = 91106D582B346A7E003E62BD /* MainInteractor.swift */; };
		91106D5B2B346B3F003E62BD /* AccessTokenStore.swift in Sources */ = {isa = PBXBuildFile; fileRef = 91106D5A2B346B3F003E62BD /* AccessTokenStore.swift */; };
		91106D5D2B346CC0003E62BD /* AccessToken.swift in Sources */ = {isa = PBXBuildFile; fileRef = 91106D5C2B346CC0003E62BD /* AccessToken.swift */; };
		91106D5F2B346E18003E62BD /* MainPresenter.swift in Sources */ = {isa = PBXBuildFile; fileRef = 91106D5E2B346E18003E62BD /* MainPresenter.swift */; };
		913A10852AF7808400413AA7 /* CategoryListInteractor.swift in Sources */ = {isa = PBXBuildFile; fileRef = 913A10842AF7808400413AA7 /* CategoryListInteractor.swift */; };
		913A10872AF7819000413AA7 /* CategoryListRouter.swift in Sources */ = {isa = PBXBuildFile; fileRef = 913A10862AF7819000413AA7 /* CategoryListRouter.swift */; };
		913A10892AF899B300413AA7 /* CategoryListPresenter.swift in Sources */ = {isa = PBXBuildFile; fileRef = 913A10882AF899B300413AA7 /* CategoryListPresenter.swift */; };
		913A108D2AF8AC9100413AA7 /* MainViewController.swift in Sources */ = {isa = PBXBuildFile; fileRef = 913A108C2AF8AC9100413AA7 /* MainViewController.swift */; };
		913A108F2AF8ACE300413AA7 /* MainRouter.swift in Sources */ = {isa = PBXBuildFile; fileRef = 913A108E2AF8ACE300413AA7 /* MainRouter.swift */; };
		913A10952AF8B4B300413AA7 /* Favorite.storyboard in Resources */ = {isa = PBXBuildFile; fileRef = 913A10942AF8B4B300413AA7 /* Favorite.storyboard */; };
		913A10992AF8B5DE00413AA7 /* FavoriteListViewController.swift in Sources */ = {isa = PBXBuildFile; fileRef = 913A10982AF8B5DE00413AA7 /* FavoriteListViewController.swift */; };
		913A109B2AF8C89900413AA7 /* ProductViewCell.xib in Resources */ = {isa = PBXBuildFile; fileRef = 913A109A2AF8C89900413AA7 /* ProductViewCell.xib */; };
		913AAA602B526E2800123316 /* NewProductViewController.swift in Sources */ = {isa = PBXBuildFile; fileRef = 913AAA5F2B526E2800123316 /* NewProductViewController.swift */; };
		913AAA632B526E5B00123316 /* NewProductInteractor.swift in Sources */ = {isa = PBXBuildFile; fileRef = 913AAA622B526E5B00123316 /* NewProductInteractor.swift */; };
		913AAA652B526E7000123316 /* NewProductPresenter.swift in Sources */ = {isa = PBXBuildFile; fileRef = 913AAA642B526E7000123316 /* NewProductPresenter.swift */; };
		913AAA672B526E8D00123316 /* NewProductRouter.swift in Sources */ = {isa = PBXBuildFile; fileRef = 913AAA662B526E8D00123316 /* NewProductRouter.swift */; };
		913AAA692B526F2C00123316 /* ImageViewCell.swift in Sources */ = {isa = PBXBuildFile; fileRef = 913AAA682B526F2C00123316 /* ImageViewCell.swift */; };
		913AAA6E2B527FCE00123316 /* UIImageExtensions.swift in Sources */ = {isa = PBXBuildFile; fileRef = 913AAA6D2B527FCE00123316 /* UIImageExtensions.swift */; };
		913AAA702B527FD100123316 /* UIViewControllerExtensions.swift in Sources */ = {isa = PBXBuildFile; fileRef = 913AAA6F2B527FD100123316 /* UIViewControllerExtensions.swift */; };
		915892312AFF2D9000C9EBA9 /* ProfileRouter.swift in Sources */ = {isa = PBXBuildFile; fileRef = 915892302AFF2D9000C9EBA9 /* ProfileRouter.swift */; };
		915892332AFF2DA700C9EBA9 /* ProfilePresenter.swift in Sources */ = {isa = PBXBuildFile; fileRef = 915892322AFF2DA700C9EBA9 /* ProfilePresenter.swift */; };
		915892362AFF2DCF00C9EBA9 /* ProfileInteractor.swift in Sources */ = {isa = PBXBuildFile; fileRef = 915892352AFF2DCF00C9EBA9 /* ProfileInteractor.swift */; };
		915892382AFF2DE000C9EBA9 /* Profile.storyboard in Resources */ = {isa = PBXBuildFile; fileRef = 915892372AFF2DE000C9EBA9 /* Profile.storyboard */; };
		9158923A2AFF2DF300C9EBA9 /* ProfileViewController.swift in Sources */ = {isa = PBXBuildFile; fileRef = 915892392AFF2DF300C9EBA9 /* ProfileViewController.swift */; };
		9158923D2AFF2EC800C9EBA9 /* FavoriteListRouter.swift in Sources */ = {isa = PBXBuildFile; fileRef = 9158923C2AFF2EC800C9EBA9 /* FavoriteListRouter.swift */; };
		915892402AFF2F4300C9EBA9 /* FavoriteListPresenter.swift in Sources */ = {isa = PBXBuildFile; fileRef = 9158923F2AFF2F4300C9EBA9 /* FavoriteListPresenter.swift */; };
		915892422AFF2F5F00C9EBA9 /* FavoriteListInteractor.swift in Sources */ = {isa = PBXBuildFile; fileRef = 915892412AFF2F5F00C9EBA9 /* FavoriteListInteractor.swift */; };
		915892452AFF6BBB00C9EBA9 /* CoreDataService.swift in Sources */ = {isa = PBXBuildFile; fileRef = 915892442AFF6BBB00C9EBA9 /* CoreDataService.swift */; };
		915892482AFF6CFE00C9EBA9 /* EStore.xcdatamodeld in Sources */ = {isa = PBXBuildFile; fileRef = 915892462AFF6CFE00C9EBA9 /* EStore.xcdatamodeld */; };
		918569B82ADBA49900E22C2D /* Category.swift in Sources */ = {isa = PBXBuildFile; fileRef = 918569B72ADBA49900E22C2D /* Category.swift */; };
		918569BB2ADBA55B00E22C2D /* Category.storyboard in Resources */ = {isa = PBXBuildFile; fileRef = 918569BA2ADBA55B00E22C2D /* Category.storyboard */; };
		918569BF2ADBA61F00E22C2D /* CategoryListViewController.swift in Sources */ = {isa = PBXBuildFile; fileRef = 918569BE2ADBA61F00E22C2D /* CategoryListViewController.swift */; };
		918569C12ADBC91400E22C2D /* CategoryViewCell.swift in Sources */ = {isa = PBXBuildFile; fileRef = 918569C02ADBC91400E22C2D /* CategoryViewCell.swift */; };
		91966AAC2AF648340092E0B5 /* Api.swift in Sources */ = {isa = PBXBuildFile; fileRef = 91966AAB2AF648340092E0B5 /* Api.swift */; };
		91A085132B38498B001B4D88 /* Profile.swift in Sources */ = {isa = PBXBuildFile; fileRef = 91A085122B38498B001B4D88 /* Profile.swift */; };
		91AABAEF2B518C000093411C /* File.swift in Sources */ = {isa = PBXBuildFile; fileRef = 91AABAEE2B518C000093411C /* File.swift */; };
		91B110652ADBDBA7000D8E14 /* Product.storyboard in Resources */ = {isa = PBXBuildFile; fileRef = 91B110642ADBDBA7000D8E14 /* Product.storyboard */; };
		91B110672ADBDBD5000D8E14 /* ProductListController.swift in Sources */ = {isa = PBXBuildFile; fileRef = 91B110662ADBDBD5000D8E14 /* ProductListController.swift */; };
		91EB2D042AF54961000AA563 /* ProductViewCell.swift in Sources */ = {isa = PBXBuildFile; fileRef = 91EB2D032AF54961000AA563 /* ProductViewCell.swift */; };
		91EB2D062AF61BEE000AA563 /* Product.swift in Sources */ = {isa = PBXBuildFile; fileRef = 91EB2D052AF61BEE000AA563 /* Product.swift */; };
		91EB2D092AF61E59000AA563 /* ApiService.swift in Sources */ = {isa = PBXBuildFile; fileRef = 91EB2D082AF61E59000AA563 /* ApiService.swift */; };
		91EB2D0E2AF62578000AA563 /* Images.swift in Sources */ = {isa = PBXBuildFile; fileRef = 91EB2D0D2AF62578000AA563 /* Images.swift */; };
		91EB2D112AF63C03000AA563 /* Kingfisher in Frameworks */ = {isa = PBXBuildFile; productRef = 91EB2D102AF63C03000AA563 /* Kingfisher */; };
		91F3732B2B04A67000EC6AF4 /* ProductRouter.swift in Sources */ = {isa = PBXBuildFile; fileRef = 91F3732A2B04A67000EC6AF4 /* ProductRouter.swift */; };
		91F3732D2B04A6C000EC6AF4 /* ProductPresenter.swift in Sources */ = {isa = PBXBuildFile; fileRef = 91F3732C2B04A6C000EC6AF4 /* ProductPresenter.swift */; };
		91F3732F2B04A72C00EC6AF4 /* ProductInteractor.swift in Sources */ = {isa = PBXBuildFile; fileRef = 91F3732E2B04A72C00EC6AF4 /* ProductInteractor.swift */; };
		C8BF4C03D6B805642DF643BC /* Pods_E_Store.framework in Frameworks */ = {isa = PBXBuildFile; fileRef = FE846B778454F90707AC9A3A /* Pods_E_Store.framework */; };
/* End PBXBuildFile section */

/* Begin PBXContainerItemProxy section */
		910468042AD132E900107712 /* PBXContainerItemProxy */ = {
			isa = PBXContainerItemProxy;
			containerPortal = 910467E52AD132E800107712 /* Project object */;
			proxyType = 1;
			remoteGlobalIDString = 910467EC2AD132E800107712;
			remoteInfo = "E-Store";
		};
		9104680E2AD132E900107712 /* PBXContainerItemProxy */ = {
			isa = PBXContainerItemProxy;
			containerPortal = 910467E52AD132E800107712 /* Project object */;
			proxyType = 1;
			remoteGlobalIDString = 910467EC2AD132E800107712;
			remoteInfo = "E-Store";
		};
/* End PBXContainerItemProxy section */

/* Begin PBXFileReference section */
		1903D35C074FE7273F8AE01E /* Pods-E-Store.debug.xcconfig */ = {isa = PBXFileReference; includeInIndex = 1; lastKnownFileType = text.xcconfig; name = "Pods-E-Store.debug.xcconfig"; path = "Target Support Files/Pods-E-Store/Pods-E-Store.debug.xcconfig"; sourceTree = "<group>"; };
		1DACB14271879CB54FAAE621 /* Pods-E-Store.release.xcconfig */ = {isa = PBXFileReference; includeInIndex = 1; lastKnownFileType = text.xcconfig; name = "Pods-E-Store.release.xcconfig"; path = "Target Support Files/Pods-E-Store/Pods-E-Store.release.xcconfig"; sourceTree = "<group>"; };
		38DAEE079233EAF05FA45851 /* Pods_E_Store_E_StoreUITests.framework */ = {isa = PBXFileReference; explicitFileType = wrapper.framework; includeInIndex = 0; path = Pods_E_Store_E_StoreUITests.framework; sourceTree = BUILT_PRODUCTS_DIR; };
		48216A8C51A8528AE22D2902 /* Pods-E-StoreTests.debug.xcconfig */ = {isa = PBXFileReference; includeInIndex = 1; lastKnownFileType = text.xcconfig; name = "Pods-E-StoreTests.debug.xcconfig"; path = "Target Support Files/Pods-E-StoreTests/Pods-E-StoreTests.debug.xcconfig"; sourceTree = "<group>"; };
		6896DC469885928DEB0634C7 /* Pods-E-Store-E-StoreUITests.release.xcconfig */ = {isa = PBXFileReference; includeInIndex = 1; lastKnownFileType = text.xcconfig; name = "Pods-E-Store-E-StoreUITests.release.xcconfig"; path = "Target Support Files/Pods-E-Store-E-StoreUITests/Pods-E-Store-E-StoreUITests.release.xcconfig"; sourceTree = "<group>"; };
		6F0309471D407D8AD607EEF9 /* Pods_E_StoreTests.framework */ = {isa = PBXFileReference; explicitFileType = wrapper.framework; includeInIndex = 0; path = Pods_E_StoreTests.framework; sourceTree = BUILT_PRODUCTS_DIR; };
		910467ED2AD132E800107712 /* E-Store.app */ = {isa = PBXFileReference; explicitFileType = wrapper.application; includeInIndex = 0; path = "E-Store.app"; sourceTree = BUILT_PRODUCTS_DIR; };
		910467F02AD132E800107712 /* AppDelegate.swift */ = {isa = PBXFileReference; lastKnownFileType = sourcecode.swift; path = AppDelegate.swift; sourceTree = "<group>"; };
		910467F22AD132E800107712 /* SceneDelegate.swift */ = {isa = PBXFileReference; lastKnownFileType = sourcecode.swift; path = SceneDelegate.swift; sourceTree = "<group>"; };
		910467F92AD132E900107712 /* Assets.xcassets */ = {isa = PBXFileReference; lastKnownFileType = folder.assetcatalog; path = Assets.xcassets; sourceTree = "<group>"; };
		910467FC2AD132E900107712 /* Base */ = {isa = PBXFileReference; lastKnownFileType = file.storyboard; name = Base; path = Base.lproj/LaunchScreen.storyboard; sourceTree = "<group>"; };
		910467FE2AD132E900107712 /* Info.plist */ = {isa = PBXFileReference; lastKnownFileType = text.plist.xml; path = Info.plist; sourceTree = "<group>"; };
		910468032AD132E900107712 /* E-StoreTests.xctest */ = {isa = PBXFileReference; explicitFileType = wrapper.cfbundle; includeInIndex = 0; path = "E-StoreTests.xctest"; sourceTree = BUILT_PRODUCTS_DIR; };
		910468072AD132E900107712 /* E_StoreTests.swift */ = {isa = PBXFileReference; lastKnownFileType = sourcecode.swift; path = E_StoreTests.swift; sourceTree = "<group>"; };
		9104680D2AD132E900107712 /* E-StoreUITests.xctest */ = {isa = PBXFileReference; explicitFileType = wrapper.cfbundle; includeInIndex = 0; path = "E-StoreUITests.xctest"; sourceTree = BUILT_PRODUCTS_DIR; };
		910468112AD132E900107712 /* E_StoreUITests.swift */ = {isa = PBXFileReference; lastKnownFileType = sourcecode.swift; path = E_StoreUITests.swift; sourceTree = "<group>"; };
		910468132AD132E900107712 /* E_StoreUITestsLaunchTests.swift */ = {isa = PBXFileReference; lastKnownFileType = sourcecode.swift; path = E_StoreUITestsLaunchTests.swift; sourceTree = "<group>"; };
		910468252AD137BF00107712 /* Login.storyboard */ = {isa = PBXFileReference; lastKnownFileType = file.storyboard; path = Login.storyboard; sourceTree = "<group>"; };
		910468292AD1389600107712 /* LoginViewController.swift */ = {isa = PBXFileReference; lastKnownFileType = sourcecode.swift; path = LoginViewController.swift; sourceTree = "<group>"; };
		910A6ECE2B08CC100074446E /* ProductDetailViewController.swift */ = {isa = PBXFileReference; lastKnownFileType = sourcecode.swift; path = ProductDetailViewController.swift; sourceTree = "<group>"; };
		910A6ED02B08CC940074446E /* ProductDetailInteractor.swift */ = {isa = PBXFileReference; lastKnownFileType = sourcecode.swift; path = ProductDetailInteractor.swift; sourceTree = "<group>"; };
		910A6ED22B08CCB70074446E /* ProductDetailPresenter.swift */ = {isa = PBXFileReference; lastKnownFileType = sourcecode.swift; path = ProductDetailPresenter.swift; sourceTree = "<group>"; };
		910A6ED42B08CCD60074446E /* ProductDetailRouter.swift */ = {isa = PBXFileReference; lastKnownFileType = sourcecode.swift; path = ProductDetailRouter.swift; sourceTree = "<group>"; };
		910A6ED62B08CF020074446E /* LoginPresenter.swift */ = {isa = PBXFileReference; lastKnownFileType = sourcecode.swift; path = LoginPresenter.swift; sourceTree = "<group>"; };
		910A6ED82B08CF0F0074446E /* LoginInteractor.swift */ = {isa = PBXFileReference; lastKnownFileType = sourcecode.swift; path = LoginInteractor.swift; sourceTree = "<group>"; };
		910A6EDA2B08CF1D0074446E /* LoginRouter.swift */ = {isa = PBXFileReference; lastKnownFileType = sourcecode.swift; path = LoginRouter.swift; sourceTree = "<group>"; };
		91106D582B346A7E003E62BD /* MainInteractor.swift */ = {isa = PBXFileReference; lastKnownFileType = sourcecode.swift; path = MainInteractor.swift; sourceTree = "<group>"; };
		91106D5A2B346B3F003E62BD /* AccessTokenStore.swift */ = {isa = PBXFileReference; lastKnownFileType = sourcecode.swift; path = AccessTokenStore.swift; sourceTree = "<group>"; };
		91106D5C2B346CC0003E62BD /* AccessToken.swift */ = {isa = PBXFileReference; lastKnownFileType = sourcecode.swift; path = AccessToken.swift; sourceTree = "<group>"; };
		91106D5E2B346E18003E62BD /* MainPresenter.swift */ = {isa = PBXFileReference; lastKnownFileType = sourcecode.swift; path = MainPresenter.swift; sourceTree = "<group>"; };
		913A10842AF7808400413AA7 /* CategoryListInteractor.swift */ = {isa = PBXFileReference; lastKnownFileType = sourcecode.swift; path = CategoryListInteractor.swift; sourceTree = "<group>"; };
		913A10862AF7819000413AA7 /* CategoryListRouter.swift */ = {isa = PBXFileReference; lastKnownFileType = sourcecode.swift; path = CategoryListRouter.swift; sourceTree = "<group>"; };
		913A10882AF899B300413AA7 /* CategoryListPresenter.swift */ = {isa = PBXFileReference; lastKnownFileType = sourcecode.swift; path = CategoryListPresenter.swift; sourceTree = "<group>"; };
		913A108C2AF8AC9100413AA7 /* MainViewController.swift */ = {isa = PBXFileReference; lastKnownFileType = sourcecode.swift; path = MainViewController.swift; sourceTree = "<group>"; };
		913A108E2AF8ACE300413AA7 /* MainRouter.swift */ = {isa = PBXFileReference; lastKnownFileType = sourcecode.swift; path = MainRouter.swift; sourceTree = "<group>"; };
		913A10942AF8B4B300413AA7 /* Favorite.storyboard */ = {isa = PBXFileReference; lastKnownFileType = file.storyboard; path = Favorite.storyboard; sourceTree = "<group>"; };
		913A10982AF8B5DE00413AA7 /* FavoriteListViewController.swift */ = {isa = PBXFileReference; lastKnownFileType = sourcecode.swift; path = FavoriteListViewController.swift; sourceTree = "<group>"; };
		913A109A2AF8C89900413AA7 /* ProductViewCell.xib */ = {isa = PBXFileReference; lastKnownFileType = file.xib; path = ProductViewCell.xib; sourceTree = "<group>"; };
		913AAA5F2B526E2800123316 /* NewProductViewController.swift */ = {isa = PBXFileReference; lastKnownFileType = sourcecode.swift; path = NewProductViewController.swift; sourceTree = "<group>"; };
		913AAA622B526E5B00123316 /* NewProductInteractor.swift */ = {isa = PBXFileReference; lastKnownFileType = sourcecode.swift; path = NewProductInteractor.swift; sourceTree = "<group>"; };
		913AAA642B526E7000123316 /* NewProductPresenter.swift */ = {isa = PBXFileReference; lastKnownFileType = sourcecode.swift; path = NewProductPresenter.swift; sourceTree = "<group>"; };
		913AAA662B526E8D00123316 /* NewProductRouter.swift */ = {isa = PBXFileReference; lastKnownFileType = sourcecode.swift; path = NewProductRouter.swift; sourceTree = "<group>"; };
		913AAA682B526F2C00123316 /* ImageViewCell.swift */ = {isa = PBXFileReference; lastKnownFileType = sourcecode.swift; path = ImageViewCell.swift; sourceTree = "<group>"; };
		913AAA6D2B527FCE00123316 /* UIImageExtensions.swift */ = {isa = PBXFileReference; fileEncoding = 4; lastKnownFileType = sourcecode.swift; path = UIImageExtensions.swift; sourceTree = "<group>"; };
		913AAA6F2B527FD100123316 /* UIViewControllerExtensions.swift */ = {isa = PBXFileReference; lastKnownFileType = sourcecode.swift; path = UIViewControllerExtensions.swift; sourceTree = "<group>"; };
		915892302AFF2D9000C9EBA9 /* ProfileRouter.swift */ = {isa = PBXFileReference; lastKnownFileType = sourcecode.swift; path = ProfileRouter.swift; sourceTree = "<group>"; };
		915892322AFF2DA700C9EBA9 /* ProfilePresenter.swift */ = {isa = PBXFileReference; lastKnownFileType = sourcecode.swift; path = ProfilePresenter.swift; sourceTree = "<group>"; };
		915892352AFF2DCF00C9EBA9 /* ProfileInteractor.swift */ = {isa = PBXFileReference; lastKnownFileType = sourcecode.swift; path = ProfileInteractor.swift; sourceTree = "<group>"; };
		915892372AFF2DE000C9EBA9 /* Profile.storyboard */ = {isa = PBXFileReference; lastKnownFileType = file.storyboard; path = Profile.storyboard; sourceTree = "<group>"; };
		915892392AFF2DF300C9EBA9 /* ProfileViewController.swift */ = {isa = PBXFileReference; lastKnownFileType = sourcecode.swift; path = ProfileViewController.swift; sourceTree = "<group>"; };
		9158923C2AFF2EC800C9EBA9 /* FavoriteListRouter.swift */ = {isa = PBXFileReference; lastKnownFileType = sourcecode.swift; path = FavoriteListRouter.swift; sourceTree = "<group>"; };
		9158923F2AFF2F4300C9EBA9 /* FavoriteListPresenter.swift */ = {isa = PBXFileReference; lastKnownFileType = sourcecode.swift; path = FavoriteListPresenter.swift; sourceTree = "<group>"; };
		915892412AFF2F5F00C9EBA9 /* FavoriteListInteractor.swift */ = {isa = PBXFileReference; lastKnownFileType = sourcecode.swift; path = FavoriteListInteractor.swift; sourceTree = "<group>"; };
		915892442AFF6BBB00C9EBA9 /* CoreDataService.swift */ = {isa = PBXFileReference; lastKnownFileType = sourcecode.swift; path = CoreDataService.swift; sourceTree = "<group>"; };
		915892472AFF6CFE00C9EBA9 /* EStore.xcdatamodel */ = {isa = PBXFileReference; lastKnownFileType = wrapper.xcdatamodel; path = EStore.xcdatamodel; sourceTree = "<group>"; };
		918569B72ADBA49900E22C2D /* Category.swift */ = {isa = PBXFileReference; lastKnownFileType = sourcecode.swift; path = Category.swift; sourceTree = "<group>"; };
		918569BA2ADBA55B00E22C2D /* Category.storyboard */ = {isa = PBXFileReference; lastKnownFileType = file.storyboard; path = Category.storyboard; sourceTree = "<group>"; };
		918569BE2ADBA61F00E22C2D /* CategoryListViewController.swift */ = {isa = PBXFileReference; lastKnownFileType = sourcecode.swift; path = CategoryListViewController.swift; sourceTree = "<group>"; };
		918569C02ADBC91400E22C2D /* CategoryViewCell.swift */ = {isa = PBXFileReference; lastKnownFileType = sourcecode.swift; path = CategoryViewCell.swift; sourceTree = "<group>"; };
		91966AAB2AF648340092E0B5 /* Api.swift */ = {isa = PBXFileReference; lastKnownFileType = sourcecode.swift; path = Api.swift; sourceTree = "<group>"; };
		91A085122B38498B001B4D88 /* Profile.swift */ = {isa = PBXFileReference; lastKnownFileType = sourcecode.swift; path = Profile.swift; sourceTree = "<group>"; };
		91AABAEE2B518C000093411C /* File.swift */ = {isa = PBXFileReference; lastKnownFileType = sourcecode.swift; path = File.swift; sourceTree = "<group>"; };
		91B110642ADBDBA7000D8E14 /* Product.storyboard */ = {isa = PBXFileReference; lastKnownFileType = file.storyboard; path = Product.storyboard; sourceTree = "<group>"; };
		91B110662ADBDBD5000D8E14 /* ProductListController.swift */ = {isa = PBXFileReference; lastKnownFileType = sourcecode.swift; path = ProductListController.swift; sourceTree = "<group>"; };
		91EB2D032AF54961000AA563 /* ProductViewCell.swift */ = {isa = PBXFileReference; lastKnownFileType = sourcecode.swift; path = ProductViewCell.swift; sourceTree = "<group>"; };
		91EB2D052AF61BEE000AA563 /* Product.swift */ = {isa = PBXFileReference; lastKnownFileType = sourcecode.swift; path = Product.swift; sourceTree = "<group>"; };
		91EB2D082AF61E59000AA563 /* ApiService.swift */ = {isa = PBXFileReference; lastKnownFileType = sourcecode.swift; path = ApiService.swift; sourceTree = "<group>"; };
		91EB2D0D2AF62578000AA563 /* Images.swift */ = {isa = PBXFileReference; lastKnownFileType = sourcecode.swift; path = Images.swift; sourceTree = "<group>"; };
		91F3732A2B04A67000EC6AF4 /* ProductRouter.swift */ = {isa = PBXFileReference; lastKnownFileType = sourcecode.swift; path = ProductRouter.swift; sourceTree = "<group>"; };
		91F3732C2B04A6C000EC6AF4 /* ProductPresenter.swift */ = {isa = PBXFileReference; lastKnownFileType = sourcecode.swift; path = ProductPresenter.swift; sourceTree = "<group>"; };
		91F3732E2B04A72C00EC6AF4 /* ProductInteractor.swift */ = {isa = PBXFileReference; lastKnownFileType = sourcecode.swift; path = ProductInteractor.swift; sourceTree = "<group>"; };
		B20A636AD3E215E407AACA1F /* Pods-E-StoreTests.release.xcconfig */ = {isa = PBXFileReference; includeInIndex = 1; lastKnownFileType = text.xcconfig; name = "Pods-E-StoreTests.release.xcconfig"; path = "Target Support Files/Pods-E-StoreTests/Pods-E-StoreTests.release.xcconfig"; sourceTree = "<group>"; };
		B2DD49F381A664C6AC1B39F9 /* Pods-E-Store-E-StoreUITests.debug.xcconfig */ = {isa = PBXFileReference; includeInIndex = 1; lastKnownFileType = text.xcconfig; name = "Pods-E-Store-E-StoreUITests.debug.xcconfig"; path = "Target Support Files/Pods-E-Store-E-StoreUITests/Pods-E-Store-E-StoreUITests.debug.xcconfig"; sourceTree = "<group>"; };
		FE846B778454F90707AC9A3A /* Pods_E_Store.framework */ = {isa = PBXFileReference; explicitFileType = wrapper.framework; includeInIndex = 0; path = Pods_E_Store.framework; sourceTree = BUILT_PRODUCTS_DIR; };
/* End PBXFileReference section */

/* Begin PBXFrameworksBuildPhase section */
		910467EA2AD132E800107712 /* Frameworks */ = {
			isa = PBXFrameworksBuildPhase;
			buildActionMask = 2147483647;
			files = (
				91EB2D112AF63C03000AA563 /* Kingfisher in Frameworks */,
				C8BF4C03D6B805642DF643BC /* Pods_E_Store.framework in Frameworks */,
			);
			runOnlyForDeploymentPostprocessing = 0;
		};
		910468002AD132E900107712 /* Frameworks */ = {
			isa = PBXFrameworksBuildPhase;
			buildActionMask = 2147483647;
			files = (
				6D3317EF115CC6367FE3E7FA /* Pods_E_StoreTests.framework in Frameworks */,
			);
			runOnlyForDeploymentPostprocessing = 0;
		};
		9104680A2AD132E900107712 /* Frameworks */ = {
			isa = PBXFrameworksBuildPhase;
			buildActionMask = 2147483647;
			files = (
				10350ED05C5A77DF65454FD7 /* Pods_E_Store_E_StoreUITests.framework in Frameworks */,
			);
			runOnlyForDeploymentPostprocessing = 0;
		};
/* End PBXFrameworksBuildPhase section */

/* Begin PBXGroup section */
		4CBB2F2B7105D9CCE8FAC169 /* Frameworks */ = {
			isa = PBXGroup;
			children = (
				FE846B778454F90707AC9A3A /* Pods_E_Store.framework */,
				38DAEE079233EAF05FA45851 /* Pods_E_Store_E_StoreUITests.framework */,
				6F0309471D407D8AD607EEF9 /* Pods_E_StoreTests.framework */,
			);
			name = Frameworks;
			sourceTree = "<group>";
		};
		6BECA45ABC94E34BE0F8BEC8 /* Pods */ = {
			isa = PBXGroup;
			children = (
				1903D35C074FE7273F8AE01E /* Pods-E-Store.debug.xcconfig */,
				1DACB14271879CB54FAAE621 /* Pods-E-Store.release.xcconfig */,
				B2DD49F381A664C6AC1B39F9 /* Pods-E-Store-E-StoreUITests.debug.xcconfig */,
				6896DC469885928DEB0634C7 /* Pods-E-Store-E-StoreUITests.release.xcconfig */,
				48216A8C51A8528AE22D2902 /* Pods-E-StoreTests.debug.xcconfig */,
				B20A636AD3E215E407AACA1F /* Pods-E-StoreTests.release.xcconfig */,
			);
			path = Pods;
			sourceTree = "<group>";
		};
		910467E42AD132E800107712 = {
			isa = PBXGroup;
			children = (
				910467EF2AD132E800107712 /* E-Store */,
				910468062AD132E900107712 /* E-StoreTests */,
				910468102AD132E900107712 /* E-StoreUITests */,
				910467EE2AD132E800107712 /* Products */,
				6BECA45ABC94E34BE0F8BEC8 /* Pods */,
				4CBB2F2B7105D9CCE8FAC169 /* Frameworks */,
			);
			sourceTree = "<group>";
		};
		910467EE2AD132E800107712 /* Products */ = {
			isa = PBXGroup;
			children = (
				910467ED2AD132E800107712 /* E-Store.app */,
				910468032AD132E900107712 /* E-StoreTests.xctest */,
				9104680D2AD132E900107712 /* E-StoreUITests.xctest */,
			);
			name = Products;
			sourceTree = "<group>";
		};
		910467EF2AD132E800107712 /* E-Store */ = {
			isa = PBXGroup;
			children = (
				910467F02AD132E800107712 /* AppDelegate.swift */,
				910467F22AD132E800107712 /* SceneDelegate.swift */,
				913AAA6C2B527FC300123316 /* Ekstension */,
				91EB2D072AF61E47000AA563 /* Services */,
				918569B62ADBA47C00E22C2D /* Entities */,
				910468202AD1372900107712 /* Presentation */,
				910467FB2AD132E900107712 /* LaunchScreen.storyboard */,
				910467FE2AD132E900107712 /* Info.plist */,
				915892462AFF6CFE00C9EBA9 /* EStore.xcdatamodeld */,
			);
			path = "E-Store";
			sourceTree = "<group>";
		};
		910468062AD132E900107712 /* E-StoreTests */ = {
			isa = PBXGroup;
			children = (
				910468072AD132E900107712 /* E_StoreTests.swift */,
			);
			path = "E-StoreTests";
			sourceTree = "<group>";
		};
		910468102AD132E900107712 /* E-StoreUITests */ = {
			isa = PBXGroup;
			children = (
				910468112AD132E900107712 /* E_StoreUITests.swift */,
				910468132AD132E900107712 /* E_StoreUITestsLaunchTests.swift */,
			);
			path = "E-StoreUITests";
			sourceTree = "<group>";
		};
		910468202AD1372900107712 /* Presentation */ = {
			isa = PBXGroup;
			children = (
				913AAA5B2B526DC900123316 /* NewProduct */,
				910468212AD1374500107712 /* Main */,
				9158922B2AFF2D3700C9EBA9 /* Profile */,
				913A10902AF8B47B00413AA7 /* FavoriteList */,
				918569B92ADBA54600E22C2D /* CategoryList */,
				91B110632ADBDB83000D8E14 /* Product */,
				910A6EC92B08CB540074446E /* ProductDetail */,
				910468222AD1374D00107712 /* Login */,
				910467F92AD132E900107712 /* Assets.xcassets */,
			);
			path = Presentation;
			sourceTree = "<group>";
		};
		910468212AD1374500107712 /* Main */ = {
			isa = PBXGroup;
			children = (
				913A108A2AF8AC1C00413AA7 /* View */,
				91106D562B346914003E62BD /* Interactor */,
				91106D572B34691B003E62BD /* Presenter */,
				913A108B2AF8AC2300413AA7 /* Router */,
			);
			path = Main;
			sourceTree = "<group>";
		};
		910468222AD1374D00107712 /* Login */ = {
			isa = PBXGroup;
			children = (
				910A6EC52B08CABB0074446E /* View */,
				910A6EC72B08CAF40074446E /* Presenter */,
				910A6EC62B08CAEA0074446E /* Interactor */,
				910A6EC82B08CAFD0074446E /* Router */,
			);
			path = Login;
			sourceTree = "<group>";
		};
		910A6EC52B08CABB0074446E /* View */ = {
			isa = PBXGroup;
			children = (
				910468252AD137BF00107712 /* Login.storyboard */,
				910468292AD1389600107712 /* LoginViewController.swift */,
			);
			path = View;
			sourceTree = "<group>";
		};
		910A6EC62B08CAEA0074446E /* Interactor */ = {
			isa = PBXGroup;
			children = (
				910A6ED82B08CF0F0074446E /* LoginInteractor.swift */,
			);
			path = Interactor;
			sourceTree = "<group>";
		};
		910A6EC72B08CAF40074446E /* Presenter */ = {
			isa = PBXGroup;
			children = (
				910A6ED62B08CF020074446E /* LoginPresenter.swift */,
			);
			path = Presenter;
			sourceTree = "<group>";
		};
		910A6EC82B08CAFD0074446E /* Router */ = {
			isa = PBXGroup;
			children = (
				910A6EDA2B08CF1D0074446E /* LoginRouter.swift */,
			);
			path = Router;
			sourceTree = "<group>";
		};
		910A6EC92B08CB540074446E /* ProductDetail */ = {
			isa = PBXGroup;
			children = (
				910A6ECD2B08CB990074446E /* View */,
				910A6ECC2B08CB910074446E /* Interactor */,
				910A6ECB2B08CB820074446E /* Presenter */,
				910A6ECA2B08CB710074446E /* Router */,
			);
			path = ProductDetail;
			sourceTree = "<group>";
		};
		910A6ECA2B08CB710074446E /* Router */ = {
			isa = PBXGroup;
			children = (
				910A6ED42B08CCD60074446E /* ProductDetailRouter.swift */,
			);
			path = Router;
			sourceTree = "<group>";
		};
		910A6ECB2B08CB820074446E /* Presenter */ = {
			isa = PBXGroup;
			children = (
				910A6ED22B08CCB70074446E /* ProductDetailPresenter.swift */,
			);
			path = Presenter;
			sourceTree = "<group>";
		};
		910A6ECC2B08CB910074446E /* Interactor */ = {
			isa = PBXGroup;
			children = (
				910A6ED02B08CC940074446E /* ProductDetailInteractor.swift */,
			);
			path = Interactor;
			sourceTree = "<group>";
		};
		910A6ECD2B08CB990074446E /* View */ = {
			isa = PBXGroup;
			children = (
				910A6ECE2B08CC100074446E /* ProductDetailViewController.swift */,
			);
			path = View;
			sourceTree = "<group>";
		};
		91106D562B346914003E62BD /* Interactor */ = {
			isa = PBXGroup;
			children = (
				91106D582B346A7E003E62BD /* MainInteractor.swift */,
			);
			path = Interactor;
			sourceTree = "<group>";
		};
		91106D572B34691B003E62BD /* Presenter */ = {
			isa = PBXGroup;
			children = (
				91106D5E2B346E18003E62BD /* MainPresenter.swift */,
			);
			path = Presenter;
			sourceTree = "<group>";
		};
		913A10802AF7801200413AA7 /* View */ = {
			isa = PBXGroup;
			children = (
				918569BA2ADBA55B00E22C2D /* Category.storyboard */,
				918569BE2ADBA61F00E22C2D /* CategoryListViewController.swift */,
				918569C02ADBC91400E22C2D /* CategoryViewCell.swift */,
			);
			path = View;
			sourceTree = "<group>";
		};
		913A10812AF7802B00413AA7 /* Interactor */ = {
			isa = PBXGroup;
			children = (
				913A10842AF7808400413AA7 /* CategoryListInteractor.swift */,
			);
			path = Interactor;
			sourceTree = "<group>";
		};
		913A10822AF7803600413AA7 /* Presenter */ = {
			isa = PBXGroup;
			children = (
				913A10882AF899B300413AA7 /* CategoryListPresenter.swift */,
			);
			path = Presenter;
			sourceTree = "<group>";
		};
		913A10832AF7804000413AA7 /* Router */ = {
			isa = PBXGroup;
			children = (
				913A10862AF7819000413AA7 /* CategoryListRouter.swift */,
			);
			path = Router;
			sourceTree = "<group>";
		};
		913A108A2AF8AC1C00413AA7 /* View */ = {
			isa = PBXGroup;
			children = (
				913A108C2AF8AC9100413AA7 /* MainViewController.swift */,
			);
			path = View;
			sourceTree = "<group>";
		};
		913A108B2AF8AC2300413AA7 /* Router */ = {
			isa = PBXGroup;
			children = (
				913A108E2AF8ACE300413AA7 /* MainRouter.swift */,
			);
			path = Router;
			sourceTree = "<group>";
		};
		913A10902AF8B47B00413AA7 /* FavoriteList */ = {
			isa = PBXGroup;
			children = (
				913A10932AF8B49C00413AA7 /* View */,
				915892432AFF2F6900C9EBA9 /* Interactor */,
				9158923E2AFF2F1F00C9EBA9 /* Presenter */,
				9158923B2AFF2EAC00C9EBA9 /* Router */,
			);
			path = FavoriteList;
			sourceTree = "<group>";
		};
		913A10932AF8B49C00413AA7 /* View */ = {
			isa = PBXGroup;
			children = (
				913A10942AF8B4B300413AA7 /* Favorite.storyboard */,
				913A10982AF8B5DE00413AA7 /* FavoriteListViewController.swift */,
			);
			path = View;
			sourceTree = "<group>";
		};
		913AAA5B2B526DC900123316 /* NewProduct */ = {
			isa = PBXGroup;
			children = (
				913AAA612B526E3100123316 /* View */,
				913AAA5E2B526DE800123316 /* Interactor */,
				913AAA5D2B526DE100123316 /* Presentation */,
				913AAA5C2B526DD300123316 /* Router */,
			);
			path = NewProduct;
			sourceTree = "<group>";
		};
		913AAA5C2B526DD300123316 /* Router */ = {
			isa = PBXGroup;
			children = (
				913AAA662B526E8D00123316 /* NewProductRouter.swift */,
			);
			path = Router;
			sourceTree = "<group>";
		};
		913AAA5D2B526DE100123316 /* Presentation */ = {
			isa = PBXGroup;
			children = (
				913AAA642B526E7000123316 /* NewProductPresenter.swift */,
			);
			path = Presentation;
			sourceTree = "<group>";
		};
		913AAA5E2B526DE800123316 /* Interactor */ = {
			isa = PBXGroup;
			children = (
				913AAA622B526E5B00123316 /* NewProductInteractor.swift */,
			);
			path = Interactor;
			sourceTree = "<group>";
		};
		913AAA612B526E3100123316 /* View */ = {
			isa = PBXGroup;
			children = (
				913AAA5F2B526E2800123316 /* NewProductViewController.swift */,
				913AAA682B526F2C00123316 /* ImageViewCell.swift */,
			);
			path = View;
			sourceTree = "<group>";
		};
		913AAA6C2B527FC300123316 /* Ekstension */ = {
			isa = PBXGroup;
			children = (
				913AAA6D2B527FCE00123316 /* UIImageExtensions.swift */,
				913AAA6F2B527FD100123316 /* UIViewControllerExtensions.swift */,
			);
			path = Ekstension;
			sourceTree = "<group>";
		};
		9158922B2AFF2D3700C9EBA9 /* Profile */ = {
			isa = PBXGroup;
			children = (
				9158922C2AFF2D4600C9EBA9 /* View */,
				915892342AFF2DB500C9EBA9 /* Interactor */,
				9158922E2AFF2D5600C9EBA9 /* Presenter */,
				9158922F2AFF2D6400C9EBA9 /* Router */,
			);
			path = Profile;
			sourceTree = "<group>";
		};
		9158922C2AFF2D4600C9EBA9 /* View */ = {
			isa = PBXGroup;
			children = (
				915892372AFF2DE000C9EBA9 /* Profile.storyboard */,
				915892392AFF2DF300C9EBA9 /* ProfileViewController.swift */,
			);
			path = View;
			sourceTree = "<group>";
		};
		9158922E2AFF2D5600C9EBA9 /* Presenter */ = {
			isa = PBXGroup;
			children = (
				915892322AFF2DA700C9EBA9 /* ProfilePresenter.swift */,
			);
			path = Presenter;
			sourceTree = "<group>";
		};
		9158922F2AFF2D6400C9EBA9 /* Router */ = {
			isa = PBXGroup;
			children = (
				915892302AFF2D9000C9EBA9 /* ProfileRouter.swift */,
			);
			path = Router;
			sourceTree = "<group>";
		};
		915892342AFF2DB500C9EBA9 /* Interactor */ = {
			isa = PBXGroup;
			children = (
				915892352AFF2DCF00C9EBA9 /* ProfileInteractor.swift */,
			);
			path = Interactor;
			sourceTree = "<group>";
		};
		9158923B2AFF2EAC00C9EBA9 /* Router */ = {
			isa = PBXGroup;
			children = (
				9158923C2AFF2EC800C9EBA9 /* FavoriteListRouter.swift */,
			);
			path = Router;
			sourceTree = "<group>";
		};
		9158923E2AFF2F1F00C9EBA9 /* Presenter */ = {
			isa = PBXGroup;
			children = (
				9158923F2AFF2F4300C9EBA9 /* FavoriteListPresenter.swift */,
			);
			path = Presenter;
			sourceTree = "<group>";
		};
		915892432AFF2F6900C9EBA9 /* Interactor */ = {
			isa = PBXGroup;
			children = (
				915892412AFF2F5F00C9EBA9 /* FavoriteListInteractor.swift */,
			);
			path = Interactor;
			sourceTree = "<group>";
		};
		918569B62ADBA47C00E22C2D /* Entities */ = {
			isa = PBXGroup;
			children = (
				918569B72ADBA49900E22C2D /* Category.swift */,
				91EB2D052AF61BEE000AA563 /* Product.swift */,
				91EB2D0D2AF62578000AA563 /* Images.swift */,
				91106D5C2B346CC0003E62BD /* AccessToken.swift */,
				91A085122B38498B001B4D88 /* Profile.swift */,
				91AABAEE2B518C000093411C /* File.swift */,
			);
			path = Entities;
			sourceTree = "<group>";
		};
		918569B92ADBA54600E22C2D /* CategoryList */ = {
			isa = PBXGroup;
			children = (
				913A10802AF7801200413AA7 /* View */,
				913A10812AF7802B00413AA7 /* Interactor */,
				913A10822AF7803600413AA7 /* Presenter */,
				913A10832AF7804000413AA7 /* Router */,
			);
			path = CategoryList;
			sourceTree = "<group>";
		};
		91B110632ADBDB83000D8E14 /* Product */ = {
			isa = PBXGroup;
			children = (
				91F373262B04945F00EC6AF4 /* View */,
				91F373272B04947400EC6AF4 /* Interactor */,
				91F373282B04948100EC6AF4 /* Presenter */,
				91F373292B04948900EC6AF4 /* Router */,
			);
			path = Product;
			sourceTree = "<group>";
		};
		91EB2D072AF61E47000AA563 /* Services */ = {
			isa = PBXGroup;
			children = (
				91966AAB2AF648340092E0B5 /* Api.swift */,
				91EB2D082AF61E59000AA563 /* ApiService.swift */,
				915892442AFF6BBB00C9EBA9 /* CoreDataService.swift */,
				91106D5A2B346B3F003E62BD /* AccessTokenStore.swift */,
			);
			path = Services;
			sourceTree = "<group>";
		};
		91F373262B04945F00EC6AF4 /* View */ = {
			isa = PBXGroup;
			children = (
				91B110642ADBDBA7000D8E14 /* Product.storyboard */,
				91B110662ADBDBD5000D8E14 /* ProductListController.swift */,
				91EB2D032AF54961000AA563 /* ProductViewCell.swift */,
				913A109A2AF8C89900413AA7 /* ProductViewCell.xib */,
			);
			path = View;
			sourceTree = "<group>";
		};
		91F373272B04947400EC6AF4 /* Interactor */ = {
			isa = PBXGroup;
			children = (
				91F3732E2B04A72C00EC6AF4 /* ProductInteractor.swift */,
			);
			path = Interactor;
			sourceTree = "<group>";
		};
		91F373282B04948100EC6AF4 /* Presenter */ = {
			isa = PBXGroup;
			children = (
				91F3732C2B04A6C000EC6AF4 /* ProductPresenter.swift */,
			);
			path = Presenter;
			sourceTree = "<group>";
		};
		91F373292B04948900EC6AF4 /* Router */ = {
			isa = PBXGroup;
			children = (
				91F3732A2B04A67000EC6AF4 /* ProductRouter.swift */,
			);
			path = Router;
			sourceTree = "<group>";
		};
/* End PBXGroup section */

/* Begin PBXNativeTarget section */
		910467EC2AD132E800107712 /* E-Store */ = {
			isa = PBXNativeTarget;
			buildConfigurationList = 910468172AD132E900107712 /* Build configuration list for PBXNativeTarget "E-Store" */;
			buildPhases = (
				7483EA8202AF810C8BEB3BE7 /* [CP] Check Pods Manifest.lock */,
				910467E92AD132E800107712 /* Sources */,
				910467EA2AD132E800107712 /* Frameworks */,
				910467EB2AD132E800107712 /* Resources */,
				7FD4508E9B2DA3005937A9F2 /* [CP] Embed Pods Frameworks */,
			);
			buildRules = (
			);
			dependencies = (
			);
			name = "E-Store";
			packageProductDependencies = (
				91EB2D102AF63C03000AA563 /* Kingfisher */,
			);
			productName = "E-Store";
			productReference = 910467ED2AD132E800107712 /* E-Store.app */;
			productType = "com.apple.product-type.application";
		};
		910468022AD132E900107712 /* E-StoreTests */ = {
			isa = PBXNativeTarget;
			buildConfigurationList = 9104681A2AD132E900107712 /* Build configuration list for PBXNativeTarget "E-StoreTests" */;
			buildPhases = (
				1B7F4FEDCC20E72791A08ECA /* [CP] Check Pods Manifest.lock */,
				910467FF2AD132E900107712 /* Sources */,
				910468002AD132E900107712 /* Frameworks */,
				910468012AD132E900107712 /* Resources */,
			);
			buildRules = (
			);
			dependencies = (
				910468052AD132E900107712 /* PBXTargetDependency */,
			);
			name = "E-StoreTests";
			productName = "E-StoreTests";
			productReference = 910468032AD132E900107712 /* E-StoreTests.xctest */;
			productType = "com.apple.product-type.bundle.unit-test";
		};
		9104680C2AD132E900107712 /* E-StoreUITests */ = {
			isa = PBXNativeTarget;
			buildConfigurationList = 9104681D2AD132E900107712 /* Build configuration list for PBXNativeTarget "E-StoreUITests" */;
			buildPhases = (
				1F7B04AFAD3A5F97A676F6EA /* [CP] Check Pods Manifest.lock */,
				910468092AD132E900107712 /* Sources */,
				9104680A2AD132E900107712 /* Frameworks */,
				9104680B2AD132E900107712 /* Resources */,
				37161402037CA25902755500 /* [CP] Embed Pods Frameworks */,
			);
			buildRules = (
			);
			dependencies = (
				9104680F2AD132E900107712 /* PBXTargetDependency */,
			);
			name = "E-StoreUITests";
			productName = "E-StoreUITests";
			productReference = 9104680D2AD132E900107712 /* E-StoreUITests.xctest */;
			productType = "com.apple.product-type.bundle.ui-testing";
		};
/* End PBXNativeTarget section */

/* Begin PBXProject section */
		910467E52AD132E800107712 /* Project object */ = {
			isa = PBXProject;
			attributes = {
				BuildIndependentTargetsInParallel = 1;
				LastSwiftUpdateCheck = 1500;
				LastUpgradeCheck = 1500;
				TargetAttributes = {
					910467EC2AD132E800107712 = {
						CreatedOnToolsVersion = 15.0;
					};
					910468022AD132E900107712 = {
						CreatedOnToolsVersion = 15.0;
						TestTargetID = 910467EC2AD132E800107712;
					};
					9104680C2AD132E900107712 = {
						CreatedOnToolsVersion = 15.0;
						TestTargetID = 910467EC2AD132E800107712;
					};
				};
			};
			buildConfigurationList = 910467E82AD132E800107712 /* Build configuration list for PBXProject "E-Store" */;
			compatibilityVersion = "Xcode 14.0";
			developmentRegion = en;
			hasScannedForEncodings = 0;
			knownRegions = (
				en,
				Base,
			);
			mainGroup = 910467E42AD132E800107712;
			packageReferences = (
				91EB2D0F2AF63C03000AA563 /* XCRemoteSwiftPackageReference "Kingfisher" */,
			);
			productRefGroup = 910467EE2AD132E800107712 /* Products */;
			projectDirPath = "";
			projectRoot = "";
			targets = (
				910467EC2AD132E800107712 /* E-Store */,
				910468022AD132E900107712 /* E-StoreTests */,
				9104680C2AD132E900107712 /* E-StoreUITests */,
			);
		};
/* End PBXProject section */

/* Begin PBXResourcesBuildPhase section */
		910467EB2AD132E800107712 /* Resources */ = {
			isa = PBXResourcesBuildPhase;
			buildActionMask = 2147483647;
			files = (
				918569BB2ADBA55B00E22C2D /* Category.storyboard in Resources */,
				910468262AD137BF00107712 /* Login.storyboard in Resources */,
				915892382AFF2DE000C9EBA9 /* Profile.storyboard in Resources */,
				913A109B2AF8C89900413AA7 /* ProductViewCell.xib in Resources */,
				910467FD2AD132E900107712 /* LaunchScreen.storyboard in Resources */,
				910467FA2AD132E900107712 /* Assets.xcassets in Resources */,
				913A10952AF8B4B300413AA7 /* Favorite.storyboard in Resources */,
				91B110652ADBDBA7000D8E14 /* Product.storyboard in Resources */,
			);
			runOnlyForDeploymentPostprocessing = 0;
		};
		910468012AD132E900107712 /* Resources */ = {
			isa = PBXResourcesBuildPhase;
			buildActionMask = 2147483647;
			files = (
			);
			runOnlyForDeploymentPostprocessing = 0;
		};
		9104680B2AD132E900107712 /* Resources */ = {
			isa = PBXResourcesBuildPhase;
			buildActionMask = 2147483647;
			files = (
			);
			runOnlyForDeploymentPostprocessing = 0;
		};
/* End PBXResourcesBuildPhase section */

/* Begin PBXShellScriptBuildPhase section */
		1B7F4FEDCC20E72791A08ECA /* [CP] Check Pods Manifest.lock */ = {
			isa = PBXShellScriptBuildPhase;
			buildActionMask = 2147483647;
			files = (
			);
			inputFileListPaths = (
			);
			inputPaths = (
				"${PODS_PODFILE_DIR_PATH}/Podfile.lock",
				"${PODS_ROOT}/Manifest.lock",
			);
			name = "[CP] Check Pods Manifest.lock";
			outputFileListPaths = (
			);
			outputPaths = (
				"$(DERIVED_FILE_DIR)/Pods-E-StoreTests-checkManifestLockResult.txt",
			);
			runOnlyForDeploymentPostprocessing = 0;
			shellPath = /bin/sh;
			shellScript = "diff \"${PODS_PODFILE_DIR_PATH}/Podfile.lock\" \"${PODS_ROOT}/Manifest.lock\" > /dev/null\nif [ $? != 0 ] ; then\n    # print error to STDERR\n    echo \"error: The sandbox is not in sync with the Podfile.lock. Run 'pod install' or update your CocoaPods installation.\" >&2\n    exit 1\nfi\n# This output is used by Xcode 'outputs' to avoid re-running this script phase.\necho \"SUCCESS\" > \"${SCRIPT_OUTPUT_FILE_0}\"\n";
			showEnvVarsInLog = 0;
		};
		1F7B04AFAD3A5F97A676F6EA /* [CP] Check Pods Manifest.lock */ = {
			isa = PBXShellScriptBuildPhase;
			buildActionMask = 2147483647;
			files = (
			);
			inputFileListPaths = (
			);
			inputPaths = (
				"${PODS_PODFILE_DIR_PATH}/Podfile.lock",
				"${PODS_ROOT}/Manifest.lock",
			);
			name = "[CP] Check Pods Manifest.lock";
			outputFileListPaths = (
			);
			outputPaths = (
				"$(DERIVED_FILE_DIR)/Pods-E-Store-E-StoreUITests-checkManifestLockResult.txt",
			);
			runOnlyForDeploymentPostprocessing = 0;
			shellPath = /bin/sh;
			shellScript = "diff \"${PODS_PODFILE_DIR_PATH}/Podfile.lock\" \"${PODS_ROOT}/Manifest.lock\" > /dev/null\nif [ $? != 0 ] ; then\n    # print error to STDERR\n    echo \"error: The sandbox is not in sync with the Podfile.lock. Run 'pod install' or update your CocoaPods installation.\" >&2\n    exit 1\nfi\n# This output is used by Xcode 'outputs' to avoid re-running this script phase.\necho \"SUCCESS\" > \"${SCRIPT_OUTPUT_FILE_0}\"\n";
			showEnvVarsInLog = 0;
		};
		37161402037CA25902755500 /* [CP] Embed Pods Frameworks */ = {
			isa = PBXShellScriptBuildPhase;
			buildActionMask = 2147483647;
			files = (
			);
			inputFileListPaths = (
				"${PODS_ROOT}/Target Support Files/Pods-E-Store-E-StoreUITests/Pods-E-Store-E-StoreUITests-frameworks-${CONFIGURATION}-input-files.xcfilelist",
			);
			name = "[CP] Embed Pods Frameworks";
			outputFileListPaths = (
				"${PODS_ROOT}/Target Support Files/Pods-E-Store-E-StoreUITests/Pods-E-Store-E-StoreUITests-frameworks-${CONFIGURATION}-output-files.xcfilelist",
			);
			runOnlyForDeploymentPostprocessing = 0;
			shellPath = /bin/sh;
			shellScript = "\"${PODS_ROOT}/Target Support Files/Pods-E-Store-E-StoreUITests/Pods-E-Store-E-StoreUITests-frameworks.sh\"\n";
			showEnvVarsInLog = 0;
		};
		7483EA8202AF810C8BEB3BE7 /* [CP] Check Pods Manifest.lock */ = {
			isa = PBXShellScriptBuildPhase;
			buildActionMask = 2147483647;
			files = (
			);
			inputFileListPaths = (
			);
			inputPaths = (
				"${PODS_PODFILE_DIR_PATH}/Podfile.lock",
				"${PODS_ROOT}/Manifest.lock",
			);
			name = "[CP] Check Pods Manifest.lock";
			outputFileListPaths = (
			);
			outputPaths = (
				"$(DERIVED_FILE_DIR)/Pods-E-Store-checkManifestLockResult.txt",
			);
			runOnlyForDeploymentPostprocessing = 0;
			shellPath = /bin/sh;
			shellScript = "diff \"${PODS_PODFILE_DIR_PATH}/Podfile.lock\" \"${PODS_ROOT}/Manifest.lock\" > /dev/null\nif [ $? != 0 ] ; then\n    # print error to STDERR\n    echo \"error: The sandbox is not in sync with the Podfile.lock. Run 'pod install' or update your CocoaPods installation.\" >&2\n    exit 1\nfi\n# This output is used by Xcode 'outputs' to avoid re-running this script phase.\necho \"SUCCESS\" > \"${SCRIPT_OUTPUT_FILE_0}\"\n";
			showEnvVarsInLog = 0;
		};
		7FD4508E9B2DA3005937A9F2 /* [CP] Embed Pods Frameworks */ = {
			isa = PBXShellScriptBuildPhase;
			buildActionMask = 2147483647;
			files = (
			);
			inputFileListPaths = (
				"${PODS_ROOT}/Target Support Files/Pods-E-Store/Pods-E-Store-frameworks-${CONFIGURATION}-input-files.xcfilelist",
			);
			name = "[CP] Embed Pods Frameworks";
			outputFileListPaths = (
				"${PODS_ROOT}/Target Support Files/Pods-E-Store/Pods-E-Store-frameworks-${CONFIGURATION}-output-files.xcfilelist",
			);
			runOnlyForDeploymentPostprocessing = 0;
			shellPath = /bin/sh;
			shellScript = "\"${PODS_ROOT}/Target Support Files/Pods-E-Store/Pods-E-Store-frameworks.sh\"\n";
			showEnvVarsInLog = 0;
		};
/* End PBXShellScriptBuildPhase section */

/* Begin PBXSourcesBuildPhase section */
		910467E92AD132E800107712 /* Sources */ = {
			isa = PBXSourcesBuildPhase;
			buildActionMask = 2147483647;
			files = (
				910A6ECF2B08CC100074446E /* ProductDetailViewController.swift in Sources */,
				910A6ED52B08CCD60074446E /* ProductDetailRouter.swift in Sources */,
				915892312AFF2D9000C9EBA9 /* ProfileRouter.swift in Sources */,
				9104682A2AD1389600107712 /* LoginViewController.swift in Sources */,
				91106D5F2B346E18003E62BD /* MainPresenter.swift in Sources */,
				91EB2D0E2AF62578000AA563 /* Images.swift in Sources */,
				913A10992AF8B5DE00413AA7 /* FavoriteListViewController.swift in Sources */,
				913A10872AF7819000413AA7 /* CategoryListRouter.swift in Sources */,
				913A108F2AF8ACE300413AA7 /* MainRouter.swift in Sources */,
				910A6ED92B08CF0F0074446E /* LoginInteractor.swift in Sources */,
				91106D592B346A7E003E62BD /* MainInteractor.swift in Sources */,
				913AAA602B526E2800123316 /* NewProductViewController.swift in Sources */,
				910A6EDB2B08CF1D0074446E /* LoginRouter.swift in Sources */,
				910A6ED12B08CC940074446E /* ProductDetailInteractor.swift in Sources */,
				910A6ED72B08CF020074446E /* LoginPresenter.swift in Sources */,
				915892422AFF2F5F00C9EBA9 /* FavoriteListInteractor.swift in Sources */,
				9158923A2AFF2DF300C9EBA9 /* ProfileViewController.swift in Sources */,
				915892482AFF6CFE00C9EBA9 /* EStore.xcdatamodeld in Sources */,
				918569B82ADBA49900E22C2D /* Category.swift in Sources */,
				91EB2D042AF54961000AA563 /* ProductViewCell.swift in Sources */,
				918569BF2ADBA61F00E22C2D /* CategoryListViewController.swift in Sources */,
				913AAA632B526E5B00123316 /* NewProductInteractor.swift in Sources */,
				91F3732B2B04A67000EC6AF4 /* ProductRouter.swift in Sources */,
				913AAA6E2B527FCE00123316 /* UIImageExtensions.swift in Sources */,
				91966AAC2AF648340092E0B5 /* Api.swift in Sources */,
				910A6ED32B08CCB70074446E /* ProductDetailPresenter.swift in Sources */,
				913A108D2AF8AC9100413AA7 /* MainViewController.swift in Sources */,
				913A10892AF899B300413AA7 /* CategoryListPresenter.swift in Sources */,
				91F3732F2B04A72C00EC6AF4 /* ProductInteractor.swift in Sources */,
				913AAA692B526F2C00123316 /* ImageViewCell.swift in Sources */,
				915892452AFF6BBB00C9EBA9 /* CoreDataService.swift in Sources */,
				91F3732D2B04A6C000EC6AF4 /* ProductPresenter.swift in Sources */,
				91106D5B2B346B3F003E62BD /* AccessTokenStore.swift in Sources */,
				910467F12AD132E800107712 /* AppDelegate.swift in Sources */,
				915892362AFF2DCF00C9EBA9 /* ProfileInteractor.swift in Sources */,
				91A085132B38498B001B4D88 /* Profile.swift in Sources */,
				91EB2D092AF61E59000AA563 /* ApiService.swift in Sources */,
				910467F32AD132E800107712 /* SceneDelegate.swift in Sources */,
				91EB2D062AF61BEE000AA563 /* Product.swift in Sources */,
				915892402AFF2F4300C9EBA9 /* FavoriteListPresenter.swift in Sources */,
				918569C12ADBC91400E22C2D /* CategoryViewCell.swift in Sources */,
				91AABAEF2B518C000093411C /* File.swift in Sources */,
				913AAA702B527FD100123316 /* UIViewControllerExtensions.swift in Sources */,
				913AAA672B526E8D00123316 /* NewProductRouter.swift in Sources */,
				913A10852AF7808400413AA7 /* CategoryListInteractor.swift in Sources */,
				9158923D2AFF2EC800C9EBA9 /* FavoriteListRouter.swift in Sources */,
				915892332AFF2DA700C9EBA9 /* ProfilePresenter.swift in Sources */,
				91B110672ADBDBD5000D8E14 /* ProductListController.swift in Sources */,
				91106D5D2B346CC0003E62BD /* AccessToken.swift in Sources */,
				913AAA652B526E7000123316 /* NewProductPresenter.swift in Sources */,
			);
			runOnlyForDeploymentPostprocessing = 0;
		};
		910467FF2AD132E900107712 /* Sources */ = {
			isa = PBXSourcesBuildPhase;
			buildActionMask = 2147483647;
			files = (
				910468082AD132E900107712 /* E_StoreTests.swift in Sources */,
			);
			runOnlyForDeploymentPostprocessing = 0;
		};
		910468092AD132E900107712 /* Sources */ = {
			isa = PBXSourcesBuildPhase;
			buildActionMask = 2147483647;
			files = (
				910468142AD132E900107712 /* E_StoreUITestsLaunchTests.swift in Sources */,
				910468122AD132E900107712 /* E_StoreUITests.swift in Sources */,
			);
			runOnlyForDeploymentPostprocessing = 0;
		};
/* End PBXSourcesBuildPhase section */

/* Begin PBXTargetDependency section */
		910468052AD132E900107712 /* PBXTargetDependency */ = {
			isa = PBXTargetDependency;
			target = 910467EC2AD132E800107712 /* E-Store */;
			targetProxy = 910468042AD132E900107712 /* PBXContainerItemProxy */;
		};
		9104680F2AD132E900107712 /* PBXTargetDependency */ = {
			isa = PBXTargetDependency;
			target = 910467EC2AD132E800107712 /* E-Store */;
			targetProxy = 9104680E2AD132E900107712 /* PBXContainerItemProxy */;
		};
/* End PBXTargetDependency section */

/* Begin PBXVariantGroup section */
		910467FB2AD132E900107712 /* LaunchScreen.storyboard */ = {
			isa = PBXVariantGroup;
			children = (
				910467FC2AD132E900107712 /* Base */,
			);
			name = LaunchScreen.storyboard;
			sourceTree = "<group>";
		};
/* End PBXVariantGroup section */

/* Begin XCBuildConfiguration section */
		910468152AD132E900107712 /* Debug */ = {
			isa = XCBuildConfiguration;
			buildSettings = {
				ALWAYS_SEARCH_USER_PATHS = NO;
				ASSETCATALOG_COMPILER_GENERATE_SWIFT_ASSET_SYMBOL_EXTENSIONS = YES;
				CLANG_ANALYZER_NONNULL = YES;
				CLANG_ANALYZER_NUMBER_OBJECT_CONVERSION = YES_AGGRESSIVE;
				CLANG_CXX_LANGUAGE_STANDARD = "gnu++20";
				CLANG_ENABLE_MODULES = YES;
				CLANG_ENABLE_OBJC_ARC = YES;
				CLANG_ENABLE_OBJC_WEAK = YES;
				CLANG_WARN_BLOCK_CAPTURE_AUTORELEASING = YES;
				CLANG_WARN_BOOL_CONVERSION = YES;
				CLANG_WARN_COMMA = YES;
				CLANG_WARN_CONSTANT_CONVERSION = YES;
				CLANG_WARN_DEPRECATED_OBJC_IMPLEMENTATIONS = YES;
				CLANG_WARN_DIRECT_OBJC_ISA_USAGE = YES_ERROR;
				CLANG_WARN_DOCUMENTATION_COMMENTS = YES;
				CLANG_WARN_EMPTY_BODY = YES;
				CLANG_WARN_ENUM_CONVERSION = YES;
				CLANG_WARN_INFINITE_RECURSION = YES;
				CLANG_WARN_INT_CONVERSION = YES;
				CLANG_WARN_NON_LITERAL_NULL_CONVERSION = YES;
				CLANG_WARN_OBJC_IMPLICIT_RETAIN_SELF = YES;
				CLANG_WARN_OBJC_LITERAL_CONVERSION = YES;
				CLANG_WARN_OBJC_ROOT_CLASS = YES_ERROR;
				CLANG_WARN_QUOTED_INCLUDE_IN_FRAMEWORK_HEADER = YES;
				CLANG_WARN_RANGE_LOOP_ANALYSIS = YES;
				CLANG_WARN_STRICT_PROTOTYPES = YES;
				CLANG_WARN_SUSPICIOUS_MOVE = YES;
				CLANG_WARN_UNGUARDED_AVAILABILITY = YES_AGGRESSIVE;
				CLANG_WARN_UNREACHABLE_CODE = YES;
				CLANG_WARN__DUPLICATE_METHOD_MATCH = YES;
				COPY_PHASE_STRIP = NO;
				DEBUG_INFORMATION_FORMAT = dwarf;
				ENABLE_STRICT_OBJC_MSGSEND = YES;
				ENABLE_TESTABILITY = YES;
				ENABLE_USER_SCRIPT_SANDBOXING = YES;
				GCC_C_LANGUAGE_STANDARD = gnu17;
				GCC_DYNAMIC_NO_PIC = NO;
				GCC_NO_COMMON_BLOCKS = YES;
				GCC_OPTIMIZATION_LEVEL = 0;
				GCC_PREPROCESSOR_DEFINITIONS = (
					"DEBUG=1",
					"$(inherited)",
				);
				GCC_WARN_64_TO_32_BIT_CONVERSION = YES;
				GCC_WARN_ABOUT_RETURN_TYPE = YES_ERROR;
				GCC_WARN_UNDECLARED_SELECTOR = YES;
				GCC_WARN_UNINITIALIZED_AUTOS = YES_AGGRESSIVE;
				GCC_WARN_UNUSED_FUNCTION = YES;
				GCC_WARN_UNUSED_VARIABLE = YES;
				IPHONEOS_DEPLOYMENT_TARGET = 17.0;
				LOCALIZATION_PREFERS_STRING_CATALOGS = YES;
				MTL_ENABLE_DEBUG_INFO = INCLUDE_SOURCE;
				MTL_FAST_MATH = YES;
				ONLY_ACTIVE_ARCH = YES;
				SDKROOT = iphoneos;
				SWIFT_ACTIVE_COMPILATION_CONDITIONS = "DEBUG $(inherited)";
				SWIFT_OPTIMIZATION_LEVEL = "-Onone";
			};
			name = Debug;
		};
		910468162AD132E900107712 /* Release */ = {
			isa = XCBuildConfiguration;
			buildSettings = {
				ALWAYS_SEARCH_USER_PATHS = NO;
				ASSETCATALOG_COMPILER_GENERATE_SWIFT_ASSET_SYMBOL_EXTENSIONS = YES;
				CLANG_ANALYZER_NONNULL = YES;
				CLANG_ANALYZER_NUMBER_OBJECT_CONVERSION = YES_AGGRESSIVE;
				CLANG_CXX_LANGUAGE_STANDARD = "gnu++20";
				CLANG_ENABLE_MODULES = YES;
				CLANG_ENABLE_OBJC_ARC = YES;
				CLANG_ENABLE_OBJC_WEAK = YES;
				CLANG_WARN_BLOCK_CAPTURE_AUTORELEASING = YES;
				CLANG_WARN_BOOL_CONVERSION = YES;
				CLANG_WARN_COMMA = YES;
				CLANG_WARN_CONSTANT_CONVERSION = YES;
				CLANG_WARN_DEPRECATED_OBJC_IMPLEMENTATIONS = YES;
				CLANG_WARN_DIRECT_OBJC_ISA_USAGE = YES_ERROR;
				CLANG_WARN_DOCUMENTATION_COMMENTS = YES;
				CLANG_WARN_EMPTY_BODY = YES;
				CLANG_WARN_ENUM_CONVERSION = YES;
				CLANG_WARN_INFINITE_RECURSION = YES;
				CLANG_WARN_INT_CONVERSION = YES;
				CLANG_WARN_NON_LITERAL_NULL_CONVERSION = YES;
				CLANG_WARN_OBJC_IMPLICIT_RETAIN_SELF = YES;
				CLANG_WARN_OBJC_LITERAL_CONVERSION = YES;
				CLANG_WARN_OBJC_ROOT_CLASS = YES_ERROR;
				CLANG_WARN_QUOTED_INCLUDE_IN_FRAMEWORK_HEADER = YES;
				CLANG_WARN_RANGE_LOOP_ANALYSIS = YES;
				CLANG_WARN_STRICT_PROTOTYPES = YES;
				CLANG_WARN_SUSPICIOUS_MOVE = YES;
				CLANG_WARN_UNGUARDED_AVAILABILITY = YES_AGGRESSIVE;
				CLANG_WARN_UNREACHABLE_CODE = YES;
				CLANG_WARN__DUPLICATE_METHOD_MATCH = YES;
				COPY_PHASE_STRIP = NO;
				DEBUG_INFORMATION_FORMAT = "dwarf-with-dsym";
				ENABLE_NS_ASSERTIONS = NO;
				ENABLE_STRICT_OBJC_MSGSEND = YES;
				ENABLE_USER_SCRIPT_SANDBOXING = YES;
				GCC_C_LANGUAGE_STANDARD = gnu17;
				GCC_NO_COMMON_BLOCKS = YES;
				GCC_WARN_64_TO_32_BIT_CONVERSION = YES;
				GCC_WARN_ABOUT_RETURN_TYPE = YES_ERROR;
				GCC_WARN_UNDECLARED_SELECTOR = YES;
				GCC_WARN_UNINITIALIZED_AUTOS = YES_AGGRESSIVE;
				GCC_WARN_UNUSED_FUNCTION = YES;
				GCC_WARN_UNUSED_VARIABLE = YES;
				IPHONEOS_DEPLOYMENT_TARGET = 17.0;
				LOCALIZATION_PREFERS_STRING_CATALOGS = YES;
				MTL_ENABLE_DEBUG_INFO = NO;
				MTL_FAST_MATH = YES;
				SDKROOT = iphoneos;
				SWIFT_COMPILATION_MODE = wholemodule;
				VALIDATE_PRODUCT = YES;
			};
			name = Release;
		};
		910468182AD132E900107712 /* Debug */ = {
			isa = XCBuildConfiguration;
			baseConfigurationReference = 1903D35C074FE7273F8AE01E /* Pods-E-Store.debug.xcconfig */;
			buildSettings = {
				ASSETCATALOG_COMPILER_APPICON_NAME = AppIcon;
				ASSETCATALOG_COMPILER_GLOBAL_ACCENT_COLOR_NAME = AccentColor;
				CODE_SIGN_STYLE = Automatic;
				CURRENT_PROJECT_VERSION = 1;
				DEVELOPMENT_TEAM = ZN33ZJFC65;
				ENABLE_USER_SCRIPT_SANDBOXING = NO;
				GENERATE_INFOPLIST_FILE = YES;
				INFOPLIST_FILE = "E-Store/Info.plist";
				INFOPLIST_KEY_CFBundleDisplayName = TokoKita;
				INFOPLIST_KEY_LSApplicationCategoryType = "public.app-category.shopping";
				INFOPLIST_KEY_UIApplicationSupportsIndirectInputEvents = YES;
				INFOPLIST_KEY_UILaunchStoryboardName = LaunchScreen;
				INFOPLIST_KEY_UIMainStoryboardFile = "";
				INFOPLIST_KEY_UISupportedInterfaceOrientations_iPad = "UIInterfaceOrientationPortrait UIInterfaceOrientationPortraitUpsideDown UIInterfaceOrientationLandscapeLeft UIInterfaceOrientationLandscapeRight";
				INFOPLIST_KEY_UISupportedInterfaceOrientations_iPhone = "UIInterfaceOrientationPortrait UIInterfaceOrientationLandscapeLeft UIInterfaceOrientationLandscapeRight";
				IPHONEOS_DEPLOYMENT_TARGET = 13.0;
				LD_RUNPATH_SEARCH_PATHS = (
					"$(inherited)",
					"@executable_path/Frameworks",
				);
				MARKETING_VERSION = 1.0;
				PRODUCT_BUNDLE_IDENTIFIER = "nae.E-Store";
				PRODUCT_NAME = "$(TARGET_NAME)";
				SUPPORTED_PLATFORMS = "iphoneos iphonesimulator";
				SUPPORTS_MACCATALYST = NO;
				SUPPORTS_MAC_DESIGNED_FOR_IPHONE_IPAD = NO;
				SWIFT_EMIT_LOC_STRINGS = YES;
				SWIFT_VERSION = 5.0;
				TARGETED_DEVICE_FAMILY = 1;
			};
			name = Debug;
		};
		910468192AD132E900107712 /* Release */ = {
			isa = XCBuildConfiguration;
			baseConfigurationReference = 1DACB14271879CB54FAAE621 /* Pods-E-Store.release.xcconfig */;
			buildSettings = {
				ASSETCATALOG_COMPILER_APPICON_NAME = AppIcon;
				ASSETCATALOG_COMPILER_GLOBAL_ACCENT_COLOR_NAME = AccentColor;
				CODE_SIGN_STYLE = Automatic;
				CURRENT_PROJECT_VERSION = 1;
				DEVELOPMENT_TEAM = ZN33ZJFC65;
				ENABLE_USER_SCRIPT_SANDBOXING = NO;
				GENERATE_INFOPLIST_FILE = YES;
				INFOPLIST_FILE = "E-Store/Info.plist";
				INFOPLIST_KEY_CFBundleDisplayName = TokoKita;
				INFOPLIST_KEY_LSApplicationCategoryType = "public.app-category.shopping";
				INFOPLIST_KEY_UIApplicationSupportsIndirectInputEvents = YES;
				INFOPLIST_KEY_UILaunchStoryboardName = LaunchScreen;
				INFOPLIST_KEY_UIMainStoryboardFile = "";
				INFOPLIST_KEY_UISupportedInterfaceOrientations_iPad = "UIInterfaceOrientationPortrait UIInterfaceOrientationPortraitUpsideDown UIInterfaceOrientationLandscapeLeft UIInterfaceOrientationLandscapeRight";
				INFOPLIST_KEY_UISupportedInterfaceOrientations_iPhone = "UIInterfaceOrientationPortrait UIInterfaceOrientationLandscapeLeft UIInterfaceOrientationLandscapeRight";
				IPHONEOS_DEPLOYMENT_TARGET = 13.0;
				LD_RUNPATH_SEARCH_PATHS = (
					"$(inherited)",
					"@executable_path/Frameworks",
				);
				MARKETING_VERSION = 1.0;
				PRODUCT_BUNDLE_IDENTIFIER = "nae.E-Store";
				PRODUCT_NAME = "$(TARGET_NAME)";
				SUPPORTED_PLATFORMS = "iphoneos iphonesimulator";
				SUPPORTS_MACCATALYST = NO;
				SUPPORTS_MAC_DESIGNED_FOR_IPHONE_IPAD = NO;
				SWIFT_EMIT_LOC_STRINGS = YES;
				SWIFT_VERSION = 5.0;
				TARGETED_DEVICE_FAMILY = 1;
			};
			name = Release;
		};
		9104681B2AD132E900107712 /* Debug */ = {
			isa = XCBuildConfiguration;
			baseConfigurationReference = 48216A8C51A8528AE22D2902 /* Pods-E-StoreTests.debug.xcconfig */;
			buildSettings = {
				ALWAYS_EMBED_SWIFT_STANDARD_LIBRARIES = YES;
				BUNDLE_LOADER = "$(TEST_HOST)";
				CODE_SIGN_STYLE = Automatic;
				CURRENT_PROJECT_VERSION = 1;
				DEVELOPMENT_TEAM = ZN33ZJFC65;
				GENERATE_INFOPLIST_FILE = YES;
				IPHONEOS_DEPLOYMENT_TARGET = 17.0;
				MARKETING_VERSION = 1.0;
				PRODUCT_BUNDLE_IDENTIFIER = "nae.E-StoreTests";
				PRODUCT_NAME = "$(TARGET_NAME)";
				SWIFT_EMIT_LOC_STRINGS = NO;
				SWIFT_VERSION = 5.0;
				TARGETED_DEVICE_FAMILY = "1,2";
				TEST_HOST = "$(BUILT_PRODUCTS_DIR)/E-Store.app/$(BUNDLE_EXECUTABLE_FOLDER_PATH)/E-Store";
			};
			name = Debug;
		};
		9104681C2AD132E900107712 /* Release */ = {
			isa = XCBuildConfiguration;
			baseConfigurationReference = B20A636AD3E215E407AACA1F /* Pods-E-StoreTests.release.xcconfig */;
			buildSettings = {
				ALWAYS_EMBED_SWIFT_STANDARD_LIBRARIES = YES;
				BUNDLE_LOADER = "$(TEST_HOST)";
				CODE_SIGN_STYLE = Automatic;
				CURRENT_PROJECT_VERSION = 1;
				DEVELOPMENT_TEAM = ZN33ZJFC65;
				GENERATE_INFOPLIST_FILE = YES;
				IPHONEOS_DEPLOYMENT_TARGET = 17.0;
				MARKETING_VERSION = 1.0;
				PRODUCT_BUNDLE_IDENTIFIER = "nae.E-StoreTests";
				PRODUCT_NAME = "$(TARGET_NAME)";
				SWIFT_EMIT_LOC_STRINGS = NO;
				SWIFT_VERSION = 5.0;
				TARGETED_DEVICE_FAMILY = "1,2";
				TEST_HOST = "$(BUILT_PRODUCTS_DIR)/E-Store.app/$(BUNDLE_EXECUTABLE_FOLDER_PATH)/E-Store";
			};
			name = Release;
		};
		9104681E2AD132E900107712 /* Debug */ = {
			isa = XCBuildConfiguration;
			baseConfigurationReference = B2DD49F381A664C6AC1B39F9 /* Pods-E-Store-E-StoreUITests.debug.xcconfig */;
			buildSettings = {
				ALWAYS_EMBED_SWIFT_STANDARD_LIBRARIES = YES;
				CODE_SIGN_STYLE = Automatic;
				CURRENT_PROJECT_VERSION = 1;
				DEVELOPMENT_TEAM = ZN33ZJFC65;
				GENERATE_INFOPLIST_FILE = YES;
				MARKETING_VERSION = 1.0;
				PRODUCT_BUNDLE_IDENTIFIER = "nae.E-StoreUITests";
				PRODUCT_NAME = "$(TARGET_NAME)";
				SWIFT_EMIT_LOC_STRINGS = NO;
				SWIFT_VERSION = 5.0;
				TARGETED_DEVICE_FAMILY = "1,2";
				TEST_TARGET_NAME = "E-Store";
			};
			name = Debug;
		};
		9104681F2AD132E900107712 /* Release */ = {
			isa = XCBuildConfiguration;
			baseConfigurationReference = 6896DC469885928DEB0634C7 /* Pods-E-Store-E-StoreUITests.release.xcconfig */;
			buildSettings = {
				ALWAYS_EMBED_SWIFT_STANDARD_LIBRARIES = YES;
				CODE_SIGN_STYLE = Automatic;
				CURRENT_PROJECT_VERSION = 1;
				DEVELOPMENT_TEAM = ZN33ZJFC65;
				GENERATE_INFOPLIST_FILE = YES;
				MARKETING_VERSION = 1.0;
				PRODUCT_BUNDLE_IDENTIFIER = "nae.E-StoreUITests";
				PRODUCT_NAME = "$(TARGET_NAME)";
				SWIFT_EMIT_LOC_STRINGS = NO;
				SWIFT_VERSION = 5.0;
				TARGETED_DEVICE_FAMILY = "1,2";
				TEST_TARGET_NAME = "E-Store";
			};
			name = Release;
		};
/* End XCBuildConfiguration section */

/* Begin XCConfigurationList section */
		910467E82AD132E800107712 /* Build configuration list for PBXProject "E-Store" */ = {
			isa = XCConfigurationList;
			buildConfigurations = (
				910468152AD132E900107712 /* Debug */,
				910468162AD132E900107712 /* Release */,
			);
			defaultConfigurationIsVisible = 0;
			defaultConfigurationName = Release;
		};
		910468172AD132E900107712 /* Build configuration list for PBXNativeTarget "E-Store" */ = {
			isa = XCConfigurationList;
			buildConfigurations = (
				910468182AD132E900107712 /* Debug */,
				910468192AD132E900107712 /* Release */,
			);
			defaultConfigurationIsVisible = 0;
			defaultConfigurationName = Release;
		};
		9104681A2AD132E900107712 /* Build configuration list for PBXNativeTarget "E-StoreTests" */ = {
			isa = XCConfigurationList;
			buildConfigurations = (
				9104681B2AD132E900107712 /* Debug */,
				9104681C2AD132E900107712 /* Release */,
			);
			defaultConfigurationIsVisible = 0;
			defaultConfigurationName = Release;
		};
		9104681D2AD132E900107712 /* Build configuration list for PBXNativeTarget "E-StoreUITests" */ = {
			isa = XCConfigurationList;
			buildConfigurations = (
				9104681E2AD132E900107712 /* Debug */,
				9104681F2AD132E900107712 /* Release */,
			);
			defaultConfigurationIsVisible = 0;
			defaultConfigurationName = Release;
		};
/* End XCConfigurationList section */

/* Begin XCRemoteSwiftPackageReference section */
		91EB2D0F2AF63C03000AA563 /* XCRemoteSwiftPackageReference "Kingfisher" */ = {
			isa = XCRemoteSwiftPackageReference;
			repositoryURL = "https://github.com/onevcat/Kingfisher.git";
			requirement = {
				kind = upToNextMajorVersion;
				minimumVersion = 7.10.0;
			};
		};
/* End XCRemoteSwiftPackageReference section */

/* Begin XCSwiftPackageProductDependency section */
		91EB2D102AF63C03000AA563 /* Kingfisher */ = {
			isa = XCSwiftPackageProductDependency;
			package = 91EB2D0F2AF63C03000AA563 /* XCRemoteSwiftPackageReference "Kingfisher" */;
			productName = Kingfisher;
		};
/* End XCSwiftPackageProductDependency section */

/* Begin XCVersionGroup section */
		915892462AFF6CFE00C9EBA9 /* EStore.xcdatamodeld */ = {
			isa = XCVersionGroup;
			children = (
				915892472AFF6CFE00C9EBA9 /* EStore.xcdatamodel */,
			);
			currentVersion = 915892472AFF6CFE00C9EBA9 /* EStore.xcdatamodel */;
			path = EStore.xcdatamodeld;
			sourceTree = "<group>";
			versionGroupType = wrapper.xcdatamodel;
		};
/* End XCVersionGroup section */
	};
	rootObject = 910467E52AD132E800107712 /* Project object */;
}
