// !$*UTF8*$!
{
	archiveVersion = 1;
	classes = {
	};
	objectVersion = 56;
	objects = {

/* Begin PBXBuildFile section */
		910467F12AD132E800107712 /* AppDelegate.swift in Sources */ = {isa = PBXBuildFile; fileRef = 910467F02AD132E800107712 /* AppDelegate.swift */; };
		910467F32AD132E800107712 /* SceneDelegate.swift in Sources */ = {isa = PBXBuildFile; fileRef = 910467F22AD132E800107712 /* SceneDelegate.swift */; };
		910467F52AD132E800107712 /* ViewController.swift in Sources */ = {isa = PBXBuildFile; fileRef = 910467F42AD132E800107712 /* ViewController.swift */; };
		910467F82AD132E800107712 /* Main.storyboard in Resources */ = {isa = PBXBuildFile; fileRef = 910467F62AD132E800107712 /* Main.storyboard */; };
		910467FA2AD132E900107712 /* Assets.xcassets in Resources */ = {isa = PBXBuildFile; fileRef = 910467F92AD132E900107712 /* Assets.xcassets */; };
		910467FD2AD132E900107712 /* LaunchScreen.storyboard in Resources */ = {isa = PBXBuildFile; fileRef = 910467FB2AD132E900107712 /* LaunchScreen.storyboard */; };
		910468082AD132E900107712 /* E_StoreTests.swift in Sources */ = {isa = PBXBuildFile; fileRef = 910468072AD132E900107712 /* E_StoreTests.swift */; };
		910468122AD132E900107712 /* E_StoreUITests.swift in Sources */ = {isa = PBXBuildFile; fileRef = 910468112AD132E900107712 /* E_StoreUITests.swift */; };
		910468142AD132E900107712 /* E_StoreUITestsLaunchTests.swift in Sources */ = {isa = PBXBuildFile; fileRef = 910468132AD132E900107712 /* E_StoreUITestsLaunchTests.swift */; };
/* End PBXBuildFile section */

/* Begin PBXContainerItemProxy section */
		910468042AD132E900107712 /* PBXContainerItemProxy */ = {
			isa = PBXContainerItemProxy;
			containerPortal = 910467E52AD132E800107712 /* Project object */;
			proxyType = 1;
			remoteGlobalIDString = 910467EC2AD132E800107712;
			remoteInfo = "E-Store";
		};
		9104680E2AD132E900107712 /* PBXContainerItemProxy */ = {
			isa = PBXContainerItemProxy;
			containerPortal = 910467E52AD132E800107712 /* Project object */;
			proxyType = 1;
			remoteGlobalIDString = 910467EC2AD132E800107712;
			remoteInfo = "E-Store";
		};
/* End PBXContainerItemProxy section */

/* Begin PBXFileReference section */
		910467ED2AD132E800107712 /* E-Store.app */ = {isa = PBXFileReference; explicitFileType = wrapper.application; includeInIndex = 0; path = "E-Store.app"; sourceTree = BUILT_PRODUCTS_DIR; };
		910467F02AD132E800107712 /* AppDelegate.swift */ = {isa = PBXFileReference; lastKnownFileType = sourcecode.swift; path = AppDelegate.swift; sourceTree = "<group>"; };
		910467F22AD132E800107712 /* SceneDelegate.swift */ = {isa = PBXFileReference; lastKnownFileType = sourcecode.swift; path = SceneDelegate.swift; sourceTree = "<group>"; };
		910467F42AD132E800107712 /* ViewController.swift */ = {isa = PBXFileReference; lastKnownFileType = sourcecode.swift; path = ViewController.swift; sourceTree = "<group>"; };
		910467F72AD132E800107712 /* Base */ = {isa = PBXFileReference; lastKnownFileType = file.storyboard; name = Base; path = Base.lproj/Main.storyboard; sourceTree = "<group>"; };
		910467F92AD132E900107712 /* Assets.xcassets */ = {isa = PBXFileReference; lastKnownFileType = folder.assetcatalog; path = Assets.xcassets; sourceTree = "<group>"; };
		910467FC2AD132E900107712 /* Base */ = {isa = PBXFileReference; lastKnownFileType = file.storyboard; name = Base; path = Base.lproj/LaunchScreen.storyboard; sourceTree = "<group>"; };
		910467FE2AD132E900107712 /* Info.plist */ = {isa = PBXFileReference; lastKnownFileType = text.plist.xml; path = Info.plist; sourceTree = "<group>"; };
		910468032AD132E900107712 /* E-StoreTests.xctest */ = {isa = PBXFileReference; explicitFileType = wrapper.cfbundle; includeInIndex = 0; path = "E-StoreTests.xctest"; sourceTree = BUILT_PRODUCTS_DIR; };
		910468072AD132E900107712 /* E_StoreTests.swift */ = {isa = PBXFileReference; lastKnownFileType = sourcecode.swift; path = E_StoreTests.swift; sourceTree = "<group>"; };
		9104680D2AD132E900107712 /* E-StoreUITests.xctest */ = {isa = PBXFileReference; explicitFileType = wrapper.cfbundle; includeInIndex = 0; path = "E-StoreUITests.xctest"; sourceTree = BUILT_PRODUCTS_DIR; };
		910468112AD132E900107712 /* E_StoreUITests.swift */ = {isa = PBXFileReference; lastKnownFileType = sourcecode.swift; path = E_StoreUITests.swift; sourceTree = "<group>"; };
		910468132AD132E900107712 /* E_StoreUITestsLaunchTests.swift */ = {isa = PBXFileReference; lastKnownFileType = sourcecode.swift; path = E_StoreUITestsLaunchTests.swift; sourceTree = "<group>"; };
/* End PBXFileReference section */

/* Begin PBXFrameworksBuildPhase section */
		910467EA2AD132E800107712 /* Frameworks */ = {
			isa = PBXFrameworksBuildPhase;
			buildActionMask = 2147483647;
			files = (
			);
			runOnlyForDeploymentPostprocessing = 0;
		};
		910468002AD132E900107712 /* Frameworks */ = {
			isa = PBXFrameworksBuildPhase;
			buildActionMask = 2147483647;
			files = (
			);
			runOnlyForDeploymentPostprocessing = 0;
		};
		9104680A2AD132E900107712 /* Frameworks */ = {
			isa = PBXFrameworksBuildPhase;
			buildActionMask = 2147483647;
			files = (
			);
			runOnlyForDeploymentPostprocessing = 0;
		};
/* End PBXFrameworksBuildPhase section */

/* Begin PBXGroup section */
		910467E42AD132E800107712 = {
			isa = PBXGroup;
			children = (
				910467EF2AD132E800107712 /* E-Store */,
				910468062AD132E900107712 /* E-StoreTests */,
				910468102AD132E900107712 /* E-StoreUITests */,
				910467EE2AD132E800107712 /* Products */,
			);
			sourceTree = "<group>";
		};
		910467EE2AD132E800107712 /* Products */ = {
			isa = PBXGroup;
			children = (
				910467ED2AD132E800107712 /* E-Store.app */,
				910468032AD132E900107712 /* E-StoreTests.xctest */,
				9104680D2AD132E900107712 /* E-StoreUITests.xctest */,
			);
			name = Products;
			sourceTree = "<group>";
		};
		910467EF2AD132E800107712 /* E-Store */ = {
			isa = PBXGroup;
			children = (
				910467F02AD132E800107712 /* AppDelegate.swift */,
				910467F22AD132E800107712 /* SceneDelegate.swift */,
				910467F42AD132E800107712 /* ViewController.swift */,
				910467F62AD132E800107712 /* Main.storyboard */,
				910467F92AD132E900107712 /* Assets.xcassets */,
				910467FB2AD132E900107712 /* LaunchScreen.storyboard */,
				910467FE2AD132E900107712 /* Info.plist */,
			);
			path = "E-Store";
			sourceTree = "<group>";
		};
		910468062AD132E900107712 /* E-StoreTests */ = {
			isa = PBXGroup;
			children = (
				910468072AD132E900107712 /* E_StoreTests.swift */,
			);
			path = "E-StoreTests";
			sourceTree = "<group>";
		};
		910468102AD132E900107712 /* E-StoreUITests */ = {
			isa = PBXGroup;
			children = (
				910468112AD132E900107712 /* E_StoreUITests.swift */,
				910468132AD132E900107712 /* E_StoreUITestsLaunchTests.swift */,
			);
			path = "E-StoreUITests";
			sourceTree = "<group>";
		};
/* End PBXGroup section */

/* Begin PBXNativeTarget section */
		910467EC2AD132E800107712 /* E-Store */ = {
			isa = PBXNativeTarget;
			buildConfigurationList = 910468172AD132E900107712 /* Build configuration list for PBXNativeTarget "E-Store" */;
			buildPhases = (
				910467E92AD132E800107712 /* Sources */,
				910467EA2AD132E800107712 /* Frameworks */,
				910467EB2AD132E800107712 /* Resources */,
			);
			buildRules = (
			);
			dependencies = (
			);
			name = "E-Store";
			productName = "E-Store";
			productReference = 910467ED2AD132E800107712 /* E-Store.app */;
			productType = "com.apple.product-type.application";
		};
		910468022AD132E900107712 /* E-StoreTests */ = {
			isa = PBXNativeTarget;
			buildConfigurationList = 9104681A2AD132E900107712 /* Build configuration list for PBXNativeTarget "E-StoreTests" */;
			buildPhases = (
				910467FF2AD132E900107712 /* Sources */,
				910468002AD132E900107712 /* Frameworks */,
				910468012AD132E900107712 /* Resources */,
			);
			buildRules = (
			);
			dependencies = (
				910468052AD132E900107712 /* PBXTargetDependency */,
			);
			name = "E-StoreTests";
			productName = "E-StoreTests";
			productReference = 910468032AD132E900107712 /* E-StoreTests.xctest */;
			productType = "com.apple.product-type.bundle.unit-test";
		};
		9104680C2AD132E900107712 /* E-StoreUITests */ = {
			isa = PBXNativeTarget;
			buildConfigurationList = 9104681D2AD132E900107712 /* Build configuration list for PBXNativeTarget "E-StoreUITests" */;
			buildPhases = (
				910468092AD132E900107712 /* Sources */,
				9104680A2AD132E900107712 /* Frameworks */,
				9104680B2AD132E900107712 /* Resources */,
			);
			buildRules = (
			);
			dependencies = (
				9104680F2AD132E900107712 /* PBXTargetDependency */,
			);
			name = "E-StoreUITests";
			productName = "E-StoreUITests";
			productReference = 9104680D2AD132E900107712 /* E-StoreUITests.xctest */;
			productType = "com.apple.product-type.bundle.ui-testing";
		};
/* End PBXNativeTarget section */

/* Begin PBXProject section */
		910467E52AD132E800107712 /* Project object */ = {
			isa = PBXProject;
			attributes = {
				BuildIndependentTargetsInParallel = 1;
				LastSwiftUpdateCheck = 1500;
				LastUpgradeCheck = 1500;
				TargetAttributes = {
					910467EC2AD132E800107712 = {
						CreatedOnToolsVersion = 15.0;
					};
					910468022AD132E900107712 = {
						CreatedOnToolsVersion = 15.0;
						TestTargetID = 910467EC2AD132E800107712;
					};
					9104680C2AD132E900107712 = {
						CreatedOnToolsVersion = 15.0;
						TestTargetID = 910467EC2AD132E800107712;
					};
				};
			};
			buildConfigurationList = 910467E82AD132E800107712 /* Build configuration list for PBXProject "E-Store" */;
			compatibilityVersion = "Xcode 14.0";
			developmentRegion = en;
			hasScannedForEncodings = 0;
			knownRegions = (
				en,
				Base,
			);
			mainGroup = 910467E42AD132E800107712;
			productRefGroup = 910467EE2AD132E800107712 /* Products */;
			projectDirPath = "";
			projectRoot = "";
			targets = (
				910467EC2AD132E800107712 /* E-Store */,
				910468022AD132E900107712 /* E-StoreTests */,
				9104680C2AD132E900107712 /* E-StoreUITests */,
			);
		};
/* End PBXProject section */

/* Begin PBXResourcesBuildPhase section */
		910467EB2AD132E800107712 /* Resources */ = {
			isa = PBXResourcesBuildPhase;
			buildActionMask = 2147483647;
			files = (
				910467FD2AD132E900107712 /* LaunchScreen.storyboard in Resources */,
				910467FA2AD132E900107712 /* Assets.xcassets in Resources */,
				910467F82AD132E800107712 /* Main.storyboard in Resources */,
			);
			runOnlyForDeploymentPostprocessing = 0;
		};
		910468012AD132E900107712 /* Resources */ = {
			isa = PBXResourcesBuildPhase;
			buildActionMask = 2147483647;
			files = (
			);
			runOnlyForDeploymentPostprocessing = 0;
		};
		9104680B2AD132E900107712 /* Resources */ = {
			isa = PBXResourcesBuildPhase;
			buildActionMask = 2147483647;
			files = (
			);
			runOnlyForDeploymentPostprocessing = 0;
		};
/* End PBXResourcesBuildPhase section */

/* Begin PBXSourcesBuildPhase section */
		910467E92AD132E800107712 /* Sources */ = {
			isa = PBXSourcesBuildPhase;
			buildActionMask = 2147483647;
			files = (
				910467F52AD132E800107712 /* ViewController.swift in Sources */,
				910467F12AD132E800107712 /* AppDelegate.swift in Sources */,
				910467F32AD132E800107712 /* SceneDelegate.swift in Sources */,
			);
			runOnlyForDeploymentPostprocessing = 0;
		};
		910467FF2AD132E900107712 /* Sources */ = {
			isa = PBXSourcesBuildPhase;
			buildActionMask = 2147483647;
			files = (
				910468082AD132E900107712 /* E_StoreTests.swift in Sources */,
			);
			runOnlyForDeploymentPostprocessing = 0;
		};
		910468092AD132E900107712 /* Sources */ = {
			isa = PBXSourcesBuildPhase;
			buildActionMask = 2147483647;
			files = (
				910468142AD132E900107712 /* E_StoreUITestsLaunchTests.swift in Sources */,
				910468122AD132E900107712 /* E_StoreUITests.swift in Sources */,
			);
			runOnlyForDeploymentPostprocessing = 0;
		};
/* End PBXSourcesBuildPhase section */

/* Begin PBXTargetDependency section */
		910468052AD132E900107712 /* PBXTargetDependency */ = {
			isa = PBXTargetDependency;
			target = 910467EC2AD132E800107712 /* E-Store */;
			targetProxy = 910468042AD132E900107712 /* PBXContainerItemProxy */;
		};
		9104680F2AD132E900107712 /* PBXTargetDependency */ = {
			isa = PBXTargetDependency;
			target = 910467EC2AD132E800107712 /* E-Store */;
			targetProxy = 9104680E2AD132E900107712 /* PBXContainerItemProxy */;
		};
/* End PBXTargetDependency section */

/* Begin PBXVariantGroup section */
		910467F62AD132E800107712 /* Main.storyboard */ = {
			isa = PBXVariantGroup;
			children = (
				910467F72AD132E800107712 /* Base */,
			);
			name = Main.storyboard;
			sourceTree = "<group>";
		};
		910467FB2AD132E900107712 /* LaunchScreen.storyboard */ = {
			isa = PBXVariantGroup;
			children = (
				910467FC2AD132E900107712 /* Base */,
			);
			name = LaunchScreen.storyboard;
			sourceTree = "<group>";
		};
/* End PBXVariantGroup section */

/* Begin XCBuildConfiguration section */
		910468152AD132E900107712 /* Debug */ = {
			isa = XCBuildConfiguration;
			buildSettings = {
				ALWAYS_SEARCH_USER_PATHS = NO;
				ASSETCATALOG_COMPILER_GENERATE_SWIFT_ASSET_SYMBOL_EXTENSIONS = YES;
				CLANG_ANALYZER_NONNULL = YES;
				CLANG_ANALYZER_NUMBER_OBJECT_CONVERSION = YES_AGGRESSIVE;
				CLANG_CXX_LANGUAGE_STANDARD = "gnu++20";
				CLANG_ENABLE_MODULES = YES;
				CLANG_ENABLE_OBJC_ARC = YES;
				CLANG_ENABLE_OBJC_WEAK = YES;
				CLANG_WARN_BLOCK_CAPTURE_AUTORELEASING = YES;
				CLANG_WARN_BOOL_CONVERSION = YES;
				CLANG_WARN_COMMA = YES;
				CLANG_WARN_CONSTANT_CONVERSION = YES;
				CLANG_WARN_DEPRECATED_OBJC_IMPLEMENTATIONS = YES;
				CLANG_WARN_DIRECT_OBJC_ISA_USAGE = YES_ERROR;
				CLANG_WARN_DOCUMENTATION_COMMENTS = YES;
				CLANG_WARN_EMPTY_BODY = YES;
				CLANG_WARN_ENUM_CONVERSION = YES;
				CLANG_WARN_INFINITE_RECURSION = YES;
				CLANG_WARN_INT_CONVERSION = YES;
				CLANG_WARN_NON_LITERAL_NULL_CONVERSION = YES;
				CLANG_WARN_OBJC_IMPLICIT_RETAIN_SELF = YES;
				CLANG_WARN_OBJC_LITERAL_CONVERSION = YES;
				CLANG_WARN_OBJC_ROOT_CLASS = YES_ERROR;
				CLANG_WARN_QUOTED_INCLUDE_IN_FRAMEWORK_HEADER = YES;
				CLANG_WARN_RANGE_LOOP_ANALYSIS = YES;
				CLANG_WARN_STRICT_PROTOTYPES = YES;
				CLANG_WARN_SUSPICIOUS_MOVE = YES;
				CLANG_WARN_UNGUARDED_AVAILABILITY = YES_AGGRESSIVE;
				CLANG_WARN_UNREACHABLE_CODE = YES;
				CLANG_WARN__DUPLICATE_METHOD_MATCH = YES;
				COPY_PHASE_STRIP = NO;
				DEBUG_INFORMATION_FORMAT = dwarf;
				ENABLE_STRICT_OBJC_MSGSEND = YES;
				ENABLE_TESTABILITY = YES;
				ENABLE_USER_SCRIPT_SANDBOXING = YES;
				GCC_C_LANGUAGE_STANDARD = gnu17;
				GCC_DYNAMIC_NO_PIC = NO;
				GCC_NO_COMMON_BLOCKS = YES;
				GCC_OPTIMIZATION_LEVEL = 0;
				GCC_PREPROCESSOR_DEFINITIONS = (
					"DEBUG=1",
					"$(inherited)",
				);
				GCC_WARN_64_TO_32_BIT_CONVERSION = YES;
				GCC_WARN_ABOUT_RETURN_TYPE = YES_ERROR;
				GCC_WARN_UNDECLARED_SELECTOR = YES;
				GCC_WARN_UNINITIALIZED_AUTOS = YES_AGGRESSIVE;
				GCC_WARN_UNUSED_FUNCTION = YES;
				GCC_WARN_UNUSED_VARIABLE = YES;
				IPHONEOS_DEPLOYMENT_TARGET = 17.0;
				LOCALIZATION_PREFERS_STRING_CATALOGS = YES;
				MTL_ENABLE_DEBUG_INFO = INCLUDE_SOURCE;
				MTL_FAST_MATH = YES;
				ONLY_ACTIVE_ARCH = YES;
				SDKROOT = iphoneos;
				SWIFT_ACTIVE_COMPILATION_CONDITIONS = "DEBUG $(inherited)";
				SWIFT_OPTIMIZATION_LEVEL = "-Onone";
			};
			name = Debug;
		};
		910468162AD132E900107712 /* Release */ = {
			isa = XCBuildConfiguration;
			buildSettings = {
				ALWAYS_SEARCH_USER_PATHS = NO;
				ASSETCATALOG_COMPILER_GENERATE_SWIFT_ASSET_SYMBOL_EXTENSIONS = YES;
				CLANG_ANALYZER_NONNULL = YES;
				CLANG_ANALYZER_NUMBER_OBJECT_CONVERSION = YES_AGGRESSIVE;
				CLANG_CXX_LANGUAGE_STANDARD = "gnu++20";
				CLANG_ENABLE_MODULES = YES;
				CLANG_ENABLE_OBJC_ARC = YES;
				CLANG_ENABLE_OBJC_WEAK = YES;
				CLANG_WARN_BLOCK_CAPTURE_AUTORELEASING = YES;
				CLANG_WARN_BOOL_CONVERSION = YES;
				CLANG_WARN_COMMA = YES;
				CLANG_WARN_CONSTANT_CONVERSION = YES;
				CLANG_WARN_DEPRECATED_OBJC_IMPLEMENTATIONS = YES;
				CLANG_WARN_DIRECT_OBJC_ISA_USAGE = YES_ERROR;
				CLANG_WARN_DOCUMENTATION_COMMENTS = YES;
				CLANG_WARN_EMPTY_BODY = YES;
				CLANG_WARN_ENUM_CONVERSION = YES;
				CLANG_WARN_INFINITE_RECURSION = YES;
				CLANG_WARN_INT_CONVERSION = YES;
				CLANG_WARN_NON_LITERAL_NULL_CONVERSION = YES;
				CLANG_WARN_OBJC_IMPLICIT_RETAIN_SELF = YES;
				CLANG_WARN_OBJC_LITERAL_CONVERSION = YES;
				CLANG_WARN_OBJC_ROOT_CLASS = YES_ERROR;
				CLANG_WARN_QUOTED_INCLUDE_IN_FRAMEWORK_HEADER = YES;
				CLANG_WARN_RANGE_LOOP_ANALYSIS = YES;
				CLANG_WARN_STRICT_PROTOTYPES = YES;
				CLANG_WARN_SUSPICIOUS_MOVE = YES;
				CLANG_WARN_UNGUARDED_AVAILABILITY = YES_AGGRESSIVE;
				CLANG_WARN_UNREACHABLE_CODE = YES;
				CLANG_WARN__DUPLICATE_METHOD_MATCH = YES;
				COPY_PHASE_STRIP = NO;
				DEBUG_INFORMATION_FORMAT = "dwarf-with-dsym";
				ENABLE_NS_ASSERTIONS = NO;
				ENABLE_STRICT_OBJC_MSGSEND = YES;
				ENABLE_USER_SCRIPT_SANDBOXING = YES;
				GCC_C_LANGUAGE_STANDARD = gnu17;
				GCC_NO_COMMON_BLOCKS = YES;
				GCC_WARN_64_TO_32_BIT_CONVERSION = YES;
				GCC_WARN_ABOUT_RETURN_TYPE = YES_ERROR;
				GCC_WARN_UNDECLARED_SELECTOR = YES;
				GCC_WARN_UNINITIALIZED_AUTOS = YES_AGGRESSIVE;
				GCC_WARN_UNUSED_FUNCTION = YES;
				GCC_WARN_UNUSED_VARIABLE = YES;
				IPHONEOS_DEPLOYMENT_TARGET = 17.0;
				LOCALIZATION_PREFERS_STRING_CATALOGS = YES;
				MTL_ENABLE_DEBUG_INFO = NO;
				MTL_FAST_MATH = YES;
				SDKROOT = iphoneos;
				SWIFT_COMPILATION_MODE = wholemodule;
				VALIDATE_PRODUCT = YES;
			};
			name = Release;
		};
		910468182AD132E900107712 /* Debug */ = {
			isa = XCBuildConfiguration;
			buildSettings = {
				ASSETCATALOG_COMPILER_APPICON_NAME = AppIcon;
				ASSETCATALOG_COMPILER_GLOBAL_ACCENT_COLOR_NAME = AccentColor;
				CODE_SIGN_STYLE = Automatic;
				CURRENT_PROJECT_VERSION = 1;
				DEVELOPMENT_TEAM = ZN33ZJFC65;
				GENERATE_INFOPLIST_FILE = YES;
				INFOPLIST_FILE = "E-Store/Info.plist";
				INFOPLIST_KEY_UIApplicationSupportsIndirectInputEvents = YES;
				INFOPLIST_KEY_UILaunchStoryboardName = LaunchScreen;
				INFOPLIST_KEY_UIMainStoryboardFile = Main;
				INFOPLIST_KEY_UISupportedInterfaceOrientations_iPad = "UIInterfaceOrientationPortrait UIInterfaceOrientationPortraitUpsideDown UIInterfaceOrientationLandscapeLeft UIInterfaceOrientationLandscapeRight";
				INFOPLIST_KEY_UISupportedInterfaceOrientations_iPhone = "UIInterfaceOrientationPortrait UIInterfaceOrientationLandscapeLeft UIInterfaceOrientationLandscapeRight";
				LD_RUNPATH_SEARCH_PATHS = (
					"$(inherited)",
					"@executable_path/Frameworks",
				);
				MARKETING_VERSION = 1.0;
				PRODUCT_BUNDLE_IDENTIFIER = "nae.E-Store";
				PRODUCT_NAME = "$(TARGET_NAME)";
				SWIFT_EMIT_LOC_STRINGS = YES;
				SWIFT_VERSION = 5.0;
				TARGETED_DEVICE_FAMILY = "1,2";
			};
			name = Debug;
		};
		910468192AD132E900107712 /* Release */ = {
			isa = XCBuildConfiguration;
			buildSettings = {
				ASSETCATALOG_COMPILER_APPICON_NAME = AppIcon;
				ASSETCATALOG_COMPILER_GLOBAL_ACCENT_COLOR_NAME = AccentColor;
				CODE_SIGN_STYLE = Automatic;
				CURRENT_PROJECT_VERSION = 1;
				DEVELOPMENT_TEAM = ZN33ZJFC65;
				GENERATE_INFOPLIST_FILE = YES;
				INFOPLIST_FILE = "E-Store/Info.plist";
				INFOPLIST_KEY_UIApplicationSupportsIndirectInputEvents = YES;
				INFOPLIST_KEY_UILaunchStoryboardName = LaunchScreen;
				INFOPLIST_KEY_UIMainStoryboardFile = Main;
				INFOPLIST_KEY_UISupportedInterfaceOrientations_iPad = "UIInterfaceOrientationPortrait UIInterfaceOrientationPortraitUpsideDown UIInterfaceOrientationLandscapeLeft UIInterfaceOrientationLandscapeRight";
				INFOPLIST_KEY_UISupportedInterfaceOrientations_iPhone = "UIInterfaceOrientationPortrait UIInterfaceOrientationLandscapeLeft UIInterfaceOrientationLandscapeRight";
				LD_RUNPATH_SEARCH_PATHS = (
					"$(inherited)",
					"@executable_path/Frameworks",
				);
				MARKETING_VERSION = 1.0;
				PRODUCT_BUNDLE_IDENTIFIER = "nae.E-Store";
				PRODUCT_NAME = "$(TARGET_NAME)";
				SWIFT_EMIT_LOC_STRINGS = YES;
				SWIFT_VERSION = 5.0;
				TARGETED_DEVICE_FAMILY = "1,2";
			};
			name = Release;
		};
		9104681B2AD132E900107712 /* Debug */ = {
			isa = XCBuildConfiguration;
			buildSettings = {
				ALWAYS_EMBED_SWIFT_STANDARD_LIBRARIES = YES;
				BUNDLE_LOADER = "$(TEST_HOST)";
				CODE_SIGN_STYLE = Automatic;
				CURRENT_PROJECT_VERSION = 1;
				DEVELOPMENT_TEAM = ZN33ZJFC65;
				GENERATE_INFOPLIST_FILE = YES;
				IPHONEOS_DEPLOYMENT_TARGET = 17.0;
				MARKETING_VERSION = 1.0;
				PRODUCT_BUNDLE_IDENTIFIER = "nae.E-StoreTests";
				PRODUCT_NAME = "$(TARGET_NAME)";
				SWIFT_EMIT_LOC_STRINGS = NO;
				SWIFT_VERSION = 5.0;
				TARGETED_DEVICE_FAMILY = "1,2";
				TEST_HOST = "$(BUILT_PRODUCTS_DIR)/E-Store.app/$(BUNDLE_EXECUTABLE_FOLDER_PATH)/E-Store";
			};
			name = Debug;
		};
		9104681C2AD132E900107712 /* Release */ = {
			isa = XCBuildConfiguration;
			buildSettings = {
				ALWAYS_EMBED_SWIFT_STANDARD_LIBRARIES = YES;
				BUNDLE_LOADER = "$(TEST_HOST)";
				CODE_SIGN_STYLE = Automatic;
				CURRENT_PROJECT_VERSION = 1;
				DEVELOPMENT_TEAM = ZN33ZJFC65;
				GENERATE_INFOPLIST_FILE = YES;
				IPHONEOS_DEPLOYMENT_TARGET = 17.0;
				MARKETING_VERSION = 1.0;
				PRODUCT_BUNDLE_IDENTIFIER = "nae.E-StoreTests";
				PRODUCT_NAME = "$(TARGET_NAME)";
				SWIFT_EMIT_LOC_STRINGS = NO;
				SWIFT_VERSION = 5.0;
				TARGETED_DEVICE_FAMILY = "1,2";
				TEST_HOST = "$(BUILT_PRODUCTS_DIR)/E-Store.app/$(BUNDLE_EXECUTABLE_FOLDER_PATH)/E-Store";
			};
			name = Release;
		};
		9104681E2AD132E900107712 /* Debug */ = {
			isa = XCBuildConfiguration;
			buildSettings = {
				ALWAYS_EMBED_SWIFT_STANDARD_LIBRARIES = YES;
				CODE_SIGN_STYLE = Automatic;
				CURRENT_PROJECT_VERSION = 1;
				DEVELOPMENT_TEAM = ZN33ZJFC65;
				GENERATE_INFOPLIST_FILE = YES;
				MARKETING_VERSION = 1.0;
				PRODUCT_BUNDLE_IDENTIFIER = "nae.E-StoreUITests";
				PRODUCT_NAME = "$(TARGET_NAME)";
				SWIFT_EMIT_LOC_STRINGS = NO;
				SWIFT_VERSION = 5.0;
				TARGETED_DEVICE_FAMILY = "1,2";
				TEST_TARGET_NAME = "E-Store";
			};
			name = Debug;
		};
		9104681F2AD132E900107712 /* Release */ = {
			isa = XCBuildConfiguration;
			buildSettings = {
				ALWAYS_EMBED_SWIFT_STANDARD_LIBRARIES = YES;
				CODE_SIGN_STYLE = Automatic;
				CURRENT_PROJECT_VERSION = 1;
				DEVELOPMENT_TEAM = ZN33ZJFC65;
				GENERATE_INFOPLIST_FILE = YES;
				MARKETING_VERSION = 1.0;
				PRODUCT_BUNDLE_IDENTIFIER = "nae.E-StoreUITests";
				PRODUCT_NAME = "$(TARGET_NAME)";
				SWIFT_EMIT_LOC_STRINGS = NO;
				SWIFT_VERSION = 5.0;
				TARGETED_DEVICE_FAMILY = "1,2";
				TEST_TARGET_NAME = "E-Store";
			};
			name = Release;
		};
/* End XCBuildConfiguration section */

/* Begin XCConfigurationList section */
		910467E82AD132E800107712 /* Build configuration list for PBXProject "E-Store" */ = {
			isa = XCConfigurationList;
			buildConfigurations = (
				910468152AD132E900107712 /* Debug */,
				910468162AD132E900107712 /* Release */,
			);
			defaultConfigurationIsVisible = 0;
			defaultConfigurationName = Release;
		};
		910468172AD132E900107712 /* Build configuration list for PBXNativeTarget "E-Store" */ = {
			isa = XCConfigurationList;
			buildConfigurations = (
				910468182AD132E900107712 /* Debug */,
				910468192AD132E900107712 /* Release */,
			);
			defaultConfigurationIsVisible = 0;
			defaultConfigurationName = Release;
		};
		9104681A2AD132E900107712 /* Build configuration list for PBXNativeTarget "E-StoreTests" */ = {
			isa = XCConfigurationList;
			buildConfigurations = (
				9104681B2AD132E900107712 /* Debug */,
				9104681C2AD132E900107712 /* Release */,
			);
			defaultConfigurationIsVisible = 0;
			defaultConfigurationName = Release;
		};
		9104681D2AD132E900107712 /* Build configuration list for PBXNativeTarget "E-StoreUITests" */ = {
			isa = XCConfigurationList;
			buildConfigurations = (
				9104681E2AD132E900107712 /* Debug */,
				9104681F2AD132E900107712 /* Release */,
			);
			defaultConfigurationIsVisible = 0;
			defaultConfigurationName = Release;
		};
/* End XCConfigurationList section */
	};
	rootObject = 910467E52AD132E800107712 /* Project object */;
}
